PODS:
  - ALLabel (2.0.0)
  - AutoLayoutCells (0.10.1):
    - AutoLayoutCells/SharedCategories (= 0.10.1)
    - AutoLayoutCells/TableViewCells (= 0.10.1)
  - AutoLayoutCells/SharedCategories (0.10.1):
    - UIImageView+ALActivityIndicatorView (~> 1.0)
  - AutoLayoutCells/TableViewCells (0.10.1):
    - ALLabel (~> 2.0)
    - AutoLayoutCells/SharedCategories
    - AutoLayoutTextViews (~> 1.1)
  - AutoLayoutTextViews (1.2.4)
  - Expecta (1.0.5)
  - OCMock (3.2.2)
  - UIImageView+ALActivityIndicatorView (1.0.0)

DEPENDENCIES:
  - ALLabel (~> 2.0)
  - AutoLayoutCells (from `.`)
  - AutoLayoutTextViews (~> 1.0)
  - Expecta (~> 1.0)
  - OCMock (~> 3.0)
  - UIImageView+ALActivityIndicatorView (~> 1.0)

EXTERNAL SOURCES:
  AutoLayoutCells:
    :path: .

SPEC CHECKSUMS:
  ALLabel: 0f527f4f5445f4b9fac4d78bf28655f88908bd93
  AutoLayoutCells: 3ac2203f4f3ad468568b6bf34236e2632a2238d3
  AutoLayoutTextViews: 736cf883739ff018dbcc5f99fb411936ec514be3
  Expecta: e1c022fcd33910b6be89c291d2775b3fe27a89fe
  OCMock: 18c9b7e67d4c2770e95bb77a9cc1ae0c91fe3835
  UIImageView+ALActivityIndicatorView: f38f2c19ed2927e0b359201c143f25628ce30711

COCOAPODS: 0.39.0
