PODS:
  - ALLabel (2.0.0)
  - AutoLayoutCells (0.6.1):
    - AutoLayoutCells/SharedCategories (= 0.6.1)
    - AutoLayoutCells/TableViewCells (= 0.6.1)
  - AutoLayoutCells/SharedCategories (0.6.1)
  - AutoLayoutCells/TableViewCells (0.6.1):
    - ALLabel (~> 2.0)
    - AutoLayoutCells/SharedCategories
    - AutoLayoutTextViews (~> 1.1)
  - AutoLayoutTextViews (1.1.1)
  - Expecta (0.3.1)
  - OCMock (3.1.2)

DEPENDENCIES:
  - ALLabel (~> 2.0)
  - AutoLayoutCells (from `.`)
  - AutoLayoutTextViews (~> 1.0)
  - Expecta (~> 0.3)
  - OCMock (~> 3.0)

EXTERNAL SOURCES:
  AutoLayoutCells:
    :path: .

SPEC CHECKSUMS:
  ALLabel: 1648e80a140ce2727bd93a1fd8ead1939d5ce12b
  AutoLayoutCells: a0f5e04d47ffaeb1857c817b2c15d2c7c5841d53
  AutoLayoutTextViews: 955f34ca57834fde02568390da36b6fb4163707d
  Expecta: 03aabd0a89d8dea843baecb19a7fd7466a69a31d
  OCMock: ecdd510b73ef397f2f97274785c1e87fd147c49f

COCOAPODS: 0.35.0
