PODS:
  - ALLabel (1.0.1)
  - AutoLayoutCells (0.2.0):
    - AutoLayoutCells/SharedCategories
    - AutoLayoutCells/TableViewCells
  - AutoLayoutCells/SharedCategories (0.2.0)
  - AutoLayoutCells/TableViewCells (0.2.0):
    - ALLabel (~> 1.0)
    - AutoLayoutCells/SharedCategories
    - AutoLayoutTextViews (~> 1.0)
  - AutoLayoutTextViews (1.1.0)

DEPENDENCIES:
  - AutoLayoutCells (from `../`)

EXTERNAL SOURCES:
  AutoLayoutCells:
    :path: ../

SPEC CHECKSUMS:
  ALLabel: 7c62a5f7864b1c7c01c42bbf1c32d815fd6d7700
  AutoLayoutCells: d2573d2617bcd09d66082bd51c7c5bb32d9a6f7f
  AutoLayoutTextViews: 9b6ed8710466117db3396e683089b8edb9f48ba3

COCOAPODS: 0.33.1
