<?xml version="1.0" encoding="UTF-8"?>
<!DOCTYPE plist PUBLIC "-//Apple//DTD PLIST 1.0//EN" "http://www.apple.com/DTDs/PropertyList-1.0.dtd">
<plist version="1.0">
<dict>
	<key>archiveVersion</key>
	<string>1</string>
	<key>classes</key>
	<dict/>
	<key>objectVersion</key>
	<string>46</string>
	<key>objects</key>
	<dict>
		<key>15D01FFC1707C2C75F10DC64</key>
		<dict>
			<key>buildActionMask</key>
			<string>2147483647</string>
			<key>files</key>
			<array/>
			<key>inputPaths</key>
			<array/>
			<key>isa</key>
			<string>PBXShellScriptBuildPhase</string>
			<key>name</key>
			<string>&#128230; Check Pods Manifest.lock</string>
			<key>outputPaths</key>
			<array/>
			<key>runOnlyForDeploymentPostprocessing</key>
			<string>0</string>
			<key>shellPath</key>
			<string>/bin/sh</string>
			<key>shellScript</key>
			<string>diff "${PODS_ROOT}/../Podfile.lock" "${PODS_ROOT}/Manifest.lock" &gt; /dev/null
if [[ $? != 0 ]] ; then
    cat &lt;&lt; EOM
error: The sandbox is not in sync with the Podfile.lock. Run 'pod install' or update your CocoaPods installation.
EOM
    exit 1
fi
</string>
			<key>showEnvVarsInLog</key>
			<string>0</string>
		</dict>
		<key>4006AC238C955F4B73D0E1E2</key>
		<dict>
			<key>buildActionMask</key>
			<string>2147483647</string>
			<key>files</key>
			<array/>
			<key>inputPaths</key>
			<array/>
			<key>isa</key>
			<string>PBXShellScriptBuildPhase</string>
			<key>name</key>
			<string>&#128230; Copy Pods Resources</string>
			<key>outputPaths</key>
			<array/>
			<key>runOnlyForDeploymentPostprocessing</key>
			<string>0</string>
			<key>shellPath</key>
			<string>/bin/sh</string>
			<key>shellScript</key>
			<string>"${SRCROOT}/Pods/Target Support Files/Pods-AutoLayoutCellsTests/Pods-AutoLayoutCellsTests-resources.sh"
</string>
			<key>showEnvVarsInLog</key>
			<string>0</string>
		</dict>
		<key>420DF88D19BBC2610045CAA3</key>
		<dict>
			<key>children</key>
			<array>
				<string>42A53A7919BAD9C10027ECA4</string>
				<string>42A53A7A19BAD9CF0027ECA4</string>
				<string>42A53A7B19BADA100027ECA4</string>
				<string>4261190C1B55E1D70027A6DE</string>
				<string>4427F163197062E500C3019E</string>
			</array>
			<key>isa</key>
			<string>PBXGroup</string>
			<key>name</key>
			<string>Cases</string>
			<key>sourceTree</key>
			<string>&lt;group&gt;</string>
		</dict>
		<key>420DF88E19BBC2EC0045CAA3</key>
		<dict>
			<key>fileEncoding</key>
			<string>4</string>
			<key>isa</key>
			<string>PBXFileReference</string>
			<key>lastKnownFileType</key>
			<string>sourcecode.c.objc</string>
			<key>name</key>
			<string>ALImageCacheTests.m</string>
			<key>path</key>
			<string>TableViewCellTests/ALImageCacheTests.m</string>
			<key>sourceTree</key>
			<string>&lt;group&gt;</string>
		</dict>
		<key>420DF88F19BBC2EC0045CAA3</key>
		<dict>
			<key>fileRef</key>
			<string>420DF88E19BBC2EC0045CAA3</string>
			<key>isa</key>
			<string>PBXBuildFile</string>
		</dict>
		<key>42399F5A19C62F1A00E26A3E</key>
		<dict>
			<key>fileEncoding</key>
			<string>4</string>
			<key>isa</key>
			<string>PBXFileReference</string>
			<key>lastKnownFileType</key>
			<string>sourcecode.c.h</string>
			<key>path</key>
			<string>Test_ALTextCellDelegate.h</string>
			<key>sourceTree</key>
			<string>&lt;group&gt;</string>
		</dict>
		<key>42399F5B19C62F1A00E26A3E</key>
		<dict>
			<key>fileEncoding</key>
			<string>4</string>
			<key>isa</key>
			<string>PBXFileReference</string>
			<key>lastKnownFileType</key>
			<string>sourcecode.c.objc</string>
			<key>path</key>
			<string>Test_ALTextCellDelegate.m</string>
			<key>sourceTree</key>
			<string>&lt;group&gt;</string>
		</dict>
		<key>42399F5C19C62F1A00E26A3E</key>
		<dict>
			<key>fileRef</key>
			<string>42399F5B19C62F1A00E26A3E</string>
			<key>isa</key>
			<string>PBXBuildFile</string>
		</dict>
		<key>42399F5D19C651BE00E26A3E</key>
		<dict>
			<key>fileEncoding</key>
			<string>4</string>
			<key>isa</key>
			<string>PBXFileReference</string>
			<key>lastKnownFileType</key>
			<string>sourcecode.c.h</string>
			<key>path</key>
			<string>Test_ALCellDelegate.h</string>
			<key>sourceTree</key>
			<string>&lt;group&gt;</string>
		</dict>
		<key>42399F5E19C651BE00E26A3E</key>
		<dict>
			<key>fileEncoding</key>
			<string>4</string>
			<key>isa</key>
			<string>PBXFileReference</string>
			<key>lastKnownFileType</key>
			<string>sourcecode.c.objc</string>
			<key>path</key>
			<string>Test_ALCellDelegate.m</string>
			<key>sourceTree</key>
			<string>&lt;group&gt;</string>
		</dict>
		<key>42399F5F19C651BE00E26A3E</key>
		<dict>
			<key>fileRef</key>
			<string>42399F5E19C651BE00E26A3E</string>
			<key>isa</key>
			<string>PBXBuildFile</string>
		</dict>
		<key>42433D8A19C0FB1D004F2FC0</key>
		<dict>
			<key>fileEncoding</key>
			<string>4</string>
			<key>isa</key>
			<string>PBXFileReference</string>
			<key>lastKnownFileType</key>
			<string>sourcecode.c.objc</string>
			<key>path</key>
			<string>ALTextFieldCellTests.m</string>
			<key>sourceTree</key>
			<string>&lt;group&gt;</string>
		</dict>
		<key>42433D8B19C0FB1D004F2FC0</key>
		<dict>
			<key>fileRef</key>
			<string>42433D8A19C0FB1D004F2FC0</string>
			<key>isa</key>
			<string>PBXBuildFile</string>
		</dict>
		<key>4254CC711B9FD2C300BDEB7E</key>
		<dict>
			<key>fileEncoding</key>
			<string>4</string>
			<key>isa</key>
			<string>PBXFileReference</string>
			<key>lastKnownFileType</key>
			<string>sourcecode.c.objc</string>
			<key>path</key>
			<string>ALTextCellViewModelTests.m</string>
			<key>sourceTree</key>
			<string>&lt;group&gt;</string>
		</dict>
		<key>4254CC721B9FD2C300BDEB7E</key>
		<dict>
			<key>fileRef</key>
			<string>4254CC711B9FD2C300BDEB7E</string>
			<key>isa</key>
			<string>PBXBuildFile</string>
		</dict>
		<key>426119081B55DEA00027A6DE</key>
		<dict>
			<key>children</key>
			<array>
				<string>426119091B55DED20027A6DE</string>
				<string>4261190A1B55DED20027A6DE</string>
				<string>42942B871B58F368001FD7ED</string>
				<string>42942B881B58F368001FD7ED</string>
			</array>
			<key>isa</key>
			<string>PBXGroup</string>
			<key>name</key>
			<string>View-models</string>
			<key>sourceTree</key>
			<string>&lt;group&gt;</string>
		</dict>
		<key>426119091B55DED20027A6DE</key>
		<dict>
			<key>fileEncoding</key>
			<string>4</string>
			<key>isa</key>
			<string>PBXFileReference</string>
			<key>lastKnownFileType</key>
			<string>sourcecode.c.h</string>
			<key>path</key>
			<string>ALSimpleCellViewModel.h</string>
			<key>sourceTree</key>
			<string>&lt;group&gt;</string>
		</dict>
		<key>4261190A1B55DED20027A6DE</key>
		<dict>
			<key>fileEncoding</key>
			<string>4</string>
			<key>isa</key>
			<string>PBXFileReference</string>
			<key>lastKnownFileType</key>
			<string>sourcecode.c.objc</string>
			<key>path</key>
			<string>ALSimpleCellViewModel.m</string>
			<key>sourceTree</key>
			<string>&lt;group&gt;</string>
		</dict>
		<key>4261190B1B55DED20027A6DE</key>
		<dict>
			<key>fileRef</key>
			<string>4261190A1B55DED20027A6DE</string>
			<key>isa</key>
			<string>PBXBuildFile</string>
		</dict>
		<key>4261190C1B55E1D70027A6DE</key>
		<dict>
			<key>children</key>
			<array>
				<string>4261190D1B55E1E60027A6DE</string>
				<string>4254CC711B9FD2C300BDEB7E</string>
			</array>
			<key>isa</key>
			<string>PBXGroup</string>
			<key>name</key>
			<string>View-models</string>
			<key>sourceTree</key>
			<string>&lt;group&gt;</string>
		</dict>
		<key>4261190D1B55E1E60027A6DE</key>
		<dict>
			<key>fileEncoding</key>
			<string>4</string>
			<key>isa</key>
			<string>PBXFileReference</string>
			<key>lastKnownFileType</key>
			<string>sourcecode.c.objc</string>
			<key>path</key>
			<string>ALSimpleCellViewModelTests.m</string>
			<key>sourceTree</key>
			<string>&lt;group&gt;</string>
		</dict>
		<key>4261190E1B55E1E60027A6DE</key>
		<dict>
			<key>fileRef</key>
			<string>4261190D1B55E1E60027A6DE</string>
			<key>isa</key>
			<string>PBXBuildFile</string>
		</dict>
		<key>42942B871B58F368001FD7ED</key>
		<dict>
			<key>fileEncoding</key>
			<string>4</string>
			<key>isa</key>
			<string>PBXFileReference</string>
			<key>lastKnownFileType</key>
			<string>sourcecode.c.h</string>
			<key>path</key>
			<string>ALTextCellViewModel.h</string>
			<key>sourceTree</key>
			<string>&lt;group&gt;</string>
		</dict>
		<key>42942B881B58F368001FD7ED</key>
		<dict>
			<key>fileEncoding</key>
			<string>4</string>
			<key>isa</key>
			<string>PBXFileReference</string>
			<key>lastKnownFileType</key>
			<string>sourcecode.c.objc</string>
			<key>path</key>
			<string>ALTextCellViewModel.m</string>
			<key>sourceTree</key>
			<string>&lt;group&gt;</string>
		</dict>
		<key>42942B891B58F368001FD7ED</key>
		<dict>
			<key>fileRef</key>
			<string>42942B881B58F368001FD7ED</string>
			<key>isa</key>
			<string>PBXBuildFile</string>
		</dict>
		<key>429580931B54CE7600A23551</key>
		<dict>
			<key>fileEncoding</key>
			<string>4</string>
			<key>isa</key>
			<string>PBXFileReference</string>
			<key>lastKnownFileType</key>
			<string>sourcecode.c.h</string>
			<key>path</key>
			<string>ALTableViewManager.h</string>
			<key>sourceTree</key>
			<string>&lt;group&gt;</string>
		</dict>
		<key>429580941B54CE7600A23551</key>
		<dict>
			<key>fileEncoding</key>
			<string>4</string>
			<key>isa</key>
			<string>PBXFileReference</string>
			<key>lastKnownFileType</key>
			<string>sourcecode.c.objc</string>
			<key>path</key>
			<string>ALTableViewManager.m</string>
			<key>sourceTree</key>
			<string>&lt;group&gt;</string>
		</dict>
		<key>429580951B54CE7600A23551</key>
		<dict>
			<key>fileRef</key>
			<string>429580941B54CE7600A23551</string>
			<key>isa</key>
			<string>PBXBuildFile</string>
		</dict>
		<key>429580971B54CECA00A23551</key>
		<dict>
			<key>fileEncoding</key>
			<string>4</string>
			<key>isa</key>
			<string>PBXFileReference</string>
			<key>lastKnownFileType</key>
			<string>sourcecode.c.objc</string>
			<key>path</key>
			<string>ALTableViewManagerTests.m</string>
			<key>sourceTree</key>
			<string>&lt;group&gt;</string>
		</dict>
		<key>429580981B54CECA00A23551</key>
		<dict>
			<key>fileRef</key>
			<string>429580971B54CECA00A23551</string>
			<key>isa</key>
			<string>PBXBuildFile</string>
		</dict>
		<key>429580991B54DCC100A23551</key>
		<dict>
			<key>fileEncoding</key>
			<string>4</string>
			<key>isa</key>
			<string>PBXFileReference</string>
			<key>lastKnownFileType</key>
			<string>sourcecode.c.h</string>
			<key>path</key>
			<string>ALCellViewModel.h</string>
			<key>sourceTree</key>
			<string>&lt;group&gt;</string>
		</dict>
		<key>429D1D6F19BC1FA500793D2D</key>
		<dict>
			<key>fileEncoding</key>
			<string>4</string>
			<key>isa</key>
			<string>PBXFileReference</string>
			<key>lastKnownFileType</key>
			<string>sourcecode.c.objc</string>
			<key>name</key>
			<string>UIImageView+ALImageWithURLTests.m</string>
			<key>path</key>
			<string>TableViewCellTests/UIImageView+ALImageWithURLTests.m</string>
			<key>sourceTree</key>
			<string>&lt;group&gt;</string>
		</dict>
		<key>429D1D7019BC1FA500793D2D</key>
		<dict>
			<key>fileRef</key>
			<string>429D1D6F19BC1FA500793D2D</string>
			<key>isa</key>
			<string>PBXBuildFile</string>
		</dict>
		<key>42A478C519C0E3DC00EDD725</key>
		<dict>
			<key>fileEncoding</key>
			<string>4</string>
			<key>isa</key>
			<string>PBXFileReference</string>
			<key>lastKnownFileType</key>
			<string>sourcecode.c.h</string>
			<key>path</key>
			<string>ALTextFieldCell.h</string>
			<key>sourceTree</key>
			<string>&lt;group&gt;</string>
		</dict>
		<key>42A478C619C0E3DC00EDD725</key>
		<dict>
			<key>fileEncoding</key>
			<string>4</string>
			<key>isa</key>
			<string>PBXFileReference</string>
			<key>lastKnownFileType</key>
			<string>sourcecode.c.objc</string>
			<key>path</key>
			<string>ALTextFieldCell.m</string>
			<key>sourceTree</key>
			<string>&lt;group&gt;</string>
		</dict>
		<key>42A478C719C0E3DC00EDD725</key>
		<dict>
			<key>fileRef</key>
			<string>42A478C619C0E3DC00EDD725</string>
			<key>isa</key>
			<string>PBXBuildFile</string>
		</dict>
		<key>42A53A7919BAD9C10027ECA4</key>
		<dict>
			<key>children</key>
			<array>
				<string>44BBB9A7197051EC00AB4596</string>
			</array>
			<key>isa</key>
			<string>PBXGroup</string>
			<key>name</key>
			<string>Categories</string>
			<key>sourceTree</key>
			<string>&lt;group&gt;</string>
		</dict>
		<key>42A53A7A19BAD9CF0027ECA4</key>
		<dict>
			<key>children</key>
			<array>
				<string>4427F14B197062D800C3019E</string>
				<string>4427F14C197062D800C3019E</string>
				<string>429580971B54CECA00A23551</string>
			</array>
			<key>isa</key>
			<string>PBXGroup</string>
			<key>name</key>
			<string>Factories</string>
			<key>sourceTree</key>
			<string>&lt;group&gt;</string>
		</dict>
		<key>42A53A7B19BADA100027ECA4</key>
		<dict>
			<key>children</key>
			<array>
				<string>4427F153197062D800C3019E</string>
				<string>42C281CE19C3C88E00C2F150</string>
			</array>
			<key>isa</key>
			<string>PBXGroup</string>
			<key>name</key>
			<string>Utilities</string>
			<key>sourceTree</key>
			<string>&lt;group&gt;</string>
		</dict>
		<key>42B057A019BA7D1800AB8C6F</key>
		<dict>
			<key>fileEncoding</key>
			<string>4</string>
			<key>isa</key>
			<string>PBXFileReference</string>
			<key>lastKnownFileType</key>
			<string>sourcecode.c.objc</string>
			<key>path</key>
			<string>ALTableViewTests.m</string>
			<key>sourceTree</key>
			<string>&lt;group&gt;</string>
		</dict>
		<key>42B057A119BA7D1800AB8C6F</key>
		<dict>
			<key>fileRef</key>
			<string>42B057A019BA7D1800AB8C6F</string>
			<key>isa</key>
			<string>PBXBuildFile</string>
		</dict>
		<key>42C281CE19C3C88E00C2F150</key>
		<dict>
			<key>fileEncoding</key>
			<string>4</string>
			<key>isa</key>
			<string>PBXFileReference</string>
			<key>lastKnownFileType</key>
			<string>sourcecode.c.objc</string>
			<key>path</key>
			<string>ALTextFieldCellHelperTests.m</string>
			<key>sourceTree</key>
			<string>&lt;group&gt;</string>
		</dict>
		<key>42C281CF19C3C88E00C2F150</key>
		<dict>
			<key>fileRef</key>
			<string>42C281CE19C3C88E00C2F150</string>
			<key>isa</key>
			<string>PBXBuildFile</string>
		</dict>
		<key>42C77ADC19C108AC007F2F14</key>
		<dict>
			<key>fileEncoding</key>
			<string>4</string>
			<key>isa</key>
			<string>PBXFileReference</string>
			<key>lastKnownFileType</key>
			<string>file.xib</string>
			<key>path</key>
			<string>ALTextFieldCell.xib</string>
			<key>sourceTree</key>
			<string>&lt;group&gt;</string>
		</dict>
		<key>42C77AE019C11C83007F2F14</key>
		<dict>
			<key>fileRef</key>
			<string>42C77ADC19C108AC007F2F14</string>
			<key>isa</key>
			<string>PBXBuildFile</string>
		</dict>
		<key>42E2DF2B19C275BF00E3BA76</key>
		<dict>
			<key>fileEncoding</key>
			<string>4</string>
			<key>isa</key>
			<string>PBXFileReference</string>
			<key>lastKnownFileType</key>
			<string>sourcecode.c.h</string>
			<key>path</key>
			<string>ALTextFieldCellHelper.h</string>
			<key>sourceTree</key>
			<string>&lt;group&gt;</string>
		</dict>
		<key>42E2DF2C19C275BF00E3BA76</key>
		<dict>
			<key>fileEncoding</key>
			<string>4</string>
			<key>isa</key>
			<string>PBXFileReference</string>
			<key>lastKnownFileType</key>
			<string>sourcecode.c.objc</string>
			<key>path</key>
			<string>ALTextFieldCellHelper.m</string>
			<key>sourceTree</key>
			<string>&lt;group&gt;</string>
		</dict>
		<key>42E2DF2D19C275BF00E3BA76</key>
		<dict>
			<key>fileRef</key>
			<string>42E2DF2C19C275BF00E3BA76</string>
			<key>isa</key>
			<string>PBXBuildFile</string>
		</dict>
		<key>42E2DF2E19C2767800E3BA76</key>
		<dict>
			<key>fileEncoding</key>
			<string>4</string>
			<key>isa</key>
			<string>PBXFileReference</string>
			<key>lastKnownFileType</key>
			<string>sourcecode.c.objc</string>
			<key>path</key>
			<string>ALTextFieldOnlyTests.m</string>
			<key>sourceTree</key>
			<string>&lt;group&gt;</string>
		</dict>
		<key>42E2DF2F19C2767800E3BA76</key>
		<dict>
			<key>fileRef</key>
			<string>42E2DF2E19C2767800E3BA76</string>
			<key>isa</key>
			<string>PBXBuildFile</string>
		</dict>
		<key>42E2DF3019C27BF700E3BA76</key>
		<dict>
			<key>fileEncoding</key>
			<string>4</string>
			<key>isa</key>
			<string>PBXFileReference</string>
			<key>lastKnownFileType</key>
			<string>file.xib</string>
			<key>path</key>
			<string>ALTextFieldOnlyCell.xib</string>
			<key>sourceTree</key>
			<string>&lt;group&gt;</string>
		</dict>
		<key>42E2DF3119C27ED700E3BA76</key>
		<dict>
			<key>fileRef</key>
			<string>42E2DF3019C27BF700E3BA76</string>
			<key>isa</key>
			<string>PBXBuildFile</string>
		</dict>
		<key>42E30D4219BD1B8B00AD4DCA</key>
		<dict>
			<key>children</key>
			<array>
				<string>F903693319BDE5B80065AEB3</string>
				<string>F903693419BDE5B80065AEB3</string>
				<string>F95A786319BD7D2400BD6AF8</string>
				<string>F95A786419BD7D2400BD6AF8</string>
				<string>42E30D4519BD1B8B00AD4DCA</string>
				<string>42E30D4619BD1B8B00AD4DCA</string>
			</array>
			<key>isa</key>
			<string>PBXGroup</string>
			<key>path</key>
			<string>SharedCategories</string>
			<key>sourceTree</key>
			<string>&lt;group&gt;</string>
		</dict>
		<key>42E30D4519BD1B8B00AD4DCA</key>
		<dict>
			<key>fileEncoding</key>
			<string>4</string>
			<key>isa</key>
			<string>PBXFileReference</string>
			<key>lastKnownFileType</key>
			<string>sourcecode.c.h</string>
			<key>path</key>
			<string>UIImageView+ALImageWithURL.h</string>
			<key>sourceTree</key>
			<string>&lt;group&gt;</string>
		</dict>
		<key>42E30D4619BD1B8B00AD4DCA</key>
		<dict>
			<key>fileEncoding</key>
			<string>4</string>
			<key>isa</key>
			<string>PBXFileReference</string>
			<key>lastKnownFileType</key>
			<string>sourcecode.c.objc</string>
			<key>path</key>
			<string>UIImageView+ALImageWithURL.m</string>
			<key>sourceTree</key>
			<string>&lt;group&gt;</string>
		</dict>
		<key>42E30D4819BD1B8B00AD4DCA</key>
		<dict>
			<key>fileRef</key>
			<string>42E30D4619BD1B8B00AD4DCA</string>
			<key>isa</key>
			<string>PBXBuildFile</string>
		</dict>
		<key>42FC099819BA72450011D1FF</key>
		<dict>
			<key>children</key>
			<array>
				<string>4427F1051970590A00C3019E</string>
				<string>4427F1061970590A00C3019E</string>
				<string>4427F1091970590A00C3019E</string>
				<string>4427F10A1970590A00C3019E</string>
				<string>4427F10B1970590A00C3019E</string>
				<string>4427F10C1970590A00C3019E</string>
				<string>4427F1071970590A00C3019E</string>
				<string>4427F1081970590A00C3019E</string>
				<string>4427F10D1970590A00C3019E</string>
				<string>4427F10E1970590A00C3019E</string>
				<string>42A478C519C0E3DC00EDD725</string>
				<string>42A478C619C0E3DC00EDD725</string>
				<string>42FF945F19C657A900263BE6</string>
				<string>42FF946019C657A900263BE6</string>
				<string>4427F10F1970590A00C3019E</string>
				<string>4427F1101970590A00C3019E</string>
				<string>4427F1111970590A00C3019E</string>
				<string>4427F1121970590A00C3019E</string>
			</array>
			<key>isa</key>
			<string>PBXGroup</string>
			<key>name</key>
			<string>Cells</string>
			<key>sourceTree</key>
			<string>&lt;group&gt;</string>
		</dict>
		<key>42FC099919BA725E0011D1FF</key>
		<dict>
			<key>fileEncoding</key>
			<string>4</string>
			<key>isa</key>
			<string>PBXFileReference</string>
			<key>lastKnownFileType</key>
			<string>sourcecode.c.h</string>
			<key>path</key>
			<string>ALTableView.h</string>
			<key>sourceTree</key>
			<string>&lt;group&gt;</string>
		</dict>
		<key>42FC099A19BA725E0011D1FF</key>
		<dict>
			<key>fileEncoding</key>
			<string>4</string>
			<key>isa</key>
			<string>PBXFileReference</string>
			<key>lastKnownFileType</key>
			<string>sourcecode.c.objc</string>
			<key>path</key>
			<string>ALTableView.m</string>
			<key>sourceTree</key>
			<string>&lt;group&gt;</string>
		</dict>
		<key>42FC099B19BA725E0011D1FF</key>
		<dict>
			<key>fileRef</key>
			<string>42FC099A19BA725E0011D1FF</string>
			<key>isa</key>
			<string>PBXBuildFile</string>
		</dict>
		<key>42FC099C19BA746B0011D1FF</key>
		<dict>
			<key>children</key>
			<array>
				<string>4427F147197062D700C3019E</string>
				<string>4427F149197062D700C3019E</string>
				<string>4427F14D197062D800C3019E</string>
				<string>4427F14E197062D800C3019E</string>
				<string>4427F148197062D700C3019E</string>
				<string>4427F14F197062D800C3019E</string>
				<string>4427F150197062D800C3019E</string>
				<string>42433D8A19C0FB1D004F2FC0</string>
				<string>42E2DF2E19C2767800E3BA76</string>
				<string>4427F151197062D800C3019E</string>
				<string>4427F152197062D800C3019E</string>
			</array>
			<key>isa</key>
			<string>PBXGroup</string>
			<key>name</key>
			<string>Cells</string>
			<key>sourceTree</key>
			<string>&lt;group&gt;</string>
		</dict>
		<key>42FF945F19C657A900263BE6</key>
		<dict>
			<key>fileEncoding</key>
			<string>4</string>
			<key>isa</key>
			<string>PBXFileReference</string>
			<key>lastKnownFileType</key>
			<string>sourcecode.c.h</string>
			<key>path</key>
			<string>ALTextFieldOnlyCell.h</string>
			<key>sourceTree</key>
			<string>&lt;group&gt;</string>
		</dict>
		<key>42FF946019C657A900263BE6</key>
		<dict>
			<key>fileEncoding</key>
			<string>4</string>
			<key>isa</key>
			<string>PBXFileReference</string>
			<key>lastKnownFileType</key>
			<string>sourcecode.c.objc</string>
			<key>path</key>
			<string>ALTextFieldOnlyCell.m</string>
			<key>sourceTree</key>
			<string>&lt;group&gt;</string>
		</dict>
		<key>42FF946119C657A900263BE6</key>
		<dict>
			<key>fileRef</key>
			<string>42FF946019C657A900263BE6</string>
			<key>isa</key>
			<string>PBXBuildFile</string>
		</dict>
		<key>4427F1051970590A00C3019E</key>
		<dict>
			<key>fileEncoding</key>
			<string>4</string>
			<key>isa</key>
			<string>PBXFileReference</string>
			<key>lastKnownFileType</key>
			<string>sourcecode.c.h</string>
			<key>path</key>
			<string>ALBaseCell.h</string>
			<key>sourceTree</key>
			<string>&lt;group&gt;</string>
		</dict>
		<key>4427F1061970590A00C3019E</key>
		<dict>
			<key>fileEncoding</key>
			<string>4</string>
			<key>isa</key>
			<string>PBXFileReference</string>
			<key>lastKnownFileType</key>
			<string>sourcecode.c.objc</string>
			<key>path</key>
			<string>ALBaseCell.m</string>
			<key>sourceTree</key>
			<string>&lt;group&gt;</string>
		</dict>
		<key>4427F1071970590A00C3019E</key>
		<dict>
			<key>fileEncoding</key>
			<string>4</string>
			<key>isa</key>
			<string>PBXFileReference</string>
			<key>lastKnownFileType</key>
			<string>sourcecode.c.h</string>
			<key>path</key>
			<string>ALImageCell.h</string>
			<key>sourceTree</key>
			<string>&lt;group&gt;</string>
		</dict>
		<key>4427F1081970590A00C3019E</key>
		<dict>
			<key>fileEncoding</key>
			<string>4</string>
			<key>isa</key>
			<string>PBXFileReference</string>
			<key>lastKnownFileType</key>
			<string>sourcecode.c.objc</string>
			<key>path</key>
			<string>ALImageCell.m</string>
			<key>sourceTree</key>
			<string>&lt;group&gt;</string>
		</dict>
		<key>4427F1091970590A00C3019E</key>
		<dict>
			<key>fileEncoding</key>
			<string>4</string>
			<key>isa</key>
			<string>PBXFileReference</string>
			<key>lastKnownFileType</key>
			<string>sourcecode.c.h</string>
			<key>path</key>
			<string>ALBooleanCell.h</string>
			<key>sourceTree</key>
			<string>&lt;group&gt;</string>
		</dict>
		<key>4427F10A1970590A00C3019E</key>
		<dict>
			<key>fileEncoding</key>
			<string>4</string>
			<key>isa</key>
			<string>PBXFileReference</string>
			<key>lastKnownFileType</key>
			<string>sourcecode.c.objc</string>
			<key>path</key>
			<string>ALBooleanCell.m</string>
			<key>sourceTree</key>
			<string>&lt;group&gt;</string>
		</dict>
		<key>4427F10B1970590A00C3019E</key>
		<dict>
			<key>fileEncoding</key>
			<string>4</string>
			<key>isa</key>
			<string>PBXFileReference</string>
			<key>lastKnownFileType</key>
			<string>sourcecode.c.h</string>
			<key>path</key>
			<string>ALCell.h</string>
			<key>sourceTree</key>
			<string>&lt;group&gt;</string>
		</dict>
		<key>4427F10C1970590A00C3019E</key>
		<dict>
			<key>fileEncoding</key>
			<string>4</string>
			<key>isa</key>
			<string>PBXFileReference</string>
			<key>lastKnownFileType</key>
			<string>sourcecode.c.objc</string>
			<key>path</key>
			<string>ALCell.m</string>
			<key>sourceTree</key>
			<string>&lt;group&gt;</string>
		</dict>
		<key>4427F10D1970590A00C3019E</key>
		<dict>
			<key>fileEncoding</key>
			<string>4</string>
			<key>isa</key>
			<string>PBXFileReference</string>
			<key>lastKnownFileType</key>
			<string>sourcecode.c.h</string>
			<key>path</key>
			<string>ALLeftLabelCell.h</string>
			<key>sourceTree</key>
			<string>&lt;group&gt;</string>
		</dict>
		<key>4427F10E1970590A00C3019E</key>
		<dict>
			<key>fileEncoding</key>
			<string>4</string>
			<key>isa</key>
			<string>PBXFileReference</string>
			<key>lastKnownFileType</key>
			<string>sourcecode.c.objc</string>
			<key>path</key>
			<string>ALLeftLabelCell.m</string>
			<key>sourceTree</key>
			<string>&lt;group&gt;</string>
		</dict>
		<key>4427F10F1970590A00C3019E</key>
		<dict>
			<key>fileEncoding</key>
			<string>4</string>
			<key>isa</key>
			<string>PBXFileReference</string>
			<key>lastKnownFileType</key>
			<string>sourcecode.c.h</string>
			<key>path</key>
			<string>ALTextViewCell.h</string>
			<key>sourceTree</key>
			<string>&lt;group&gt;</string>
		</dict>
		<key>4427F1101970590A00C3019E</key>
		<dict>
			<key>fileEncoding</key>
			<string>4</string>
			<key>isa</key>
			<string>PBXFileReference</string>
			<key>lastKnownFileType</key>
			<string>sourcecode.c.objc</string>
			<key>path</key>
			<string>ALTextViewCell.m</string>
			<key>sourceTree</key>
			<string>&lt;group&gt;</string>
		</dict>
		<key>4427F1111970590A00C3019E</key>
		<dict>
			<key>fileEncoding</key>
			<string>4</string>
			<key>isa</key>
			<string>PBXFileReference</string>
			<key>lastKnownFileType</key>
			<string>sourcecode.c.h</string>
			<key>path</key>
			<string>ALTextViewOnlyCell.h</string>
			<key>sourceTree</key>
			<string>&lt;group&gt;</string>
		</dict>
		<key>4427F1121970590A00C3019E</key>
		<dict>
			<key>fileEncoding</key>
			<string>4</string>
			<key>isa</key>
			<string>PBXFileReference</string>
			<key>lastKnownFileType</key>
			<string>sourcecode.c.objc</string>
			<key>path</key>
			<string>ALTextViewOnlyCell.m</string>
			<key>sourceTree</key>
			<string>&lt;group&gt;</string>
		</dict>
		<key>4427F1131970590A00C3019E</key>
		<dict>
			<key>fileRef</key>
			<string>4427F1061970590A00C3019E</string>
			<key>isa</key>
			<string>PBXBuildFile</string>
		</dict>
		<key>4427F1141970590A00C3019E</key>
		<dict>
			<key>fileRef</key>
			<string>4427F1081970590A00C3019E</string>
			<key>isa</key>
			<string>PBXBuildFile</string>
		</dict>
		<key>4427F1151970590A00C3019E</key>
		<dict>
			<key>fileRef</key>
			<string>4427F10A1970590A00C3019E</string>
			<key>isa</key>
			<string>PBXBuildFile</string>
		</dict>
		<key>4427F1161970590A00C3019E</key>
		<dict>
			<key>fileRef</key>
			<string>4427F10C1970590A00C3019E</string>
			<key>isa</key>
			<string>PBXBuildFile</string>
		</dict>
		<key>4427F1171970590A00C3019E</key>
		<dict>
			<key>fileRef</key>
			<string>4427F10E1970590A00C3019E</string>
			<key>isa</key>
			<string>PBXBuildFile</string>
		</dict>
		<key>4427F1181970590A00C3019E</key>
		<dict>
			<key>fileRef</key>
			<string>4427F1101970590A00C3019E</string>
			<key>isa</key>
			<string>PBXBuildFile</string>
		</dict>
		<key>4427F1191970590A00C3019E</key>
		<dict>
			<key>fileRef</key>
			<string>4427F1121970590A00C3019E</string>
			<key>isa</key>
			<string>PBXBuildFile</string>
		</dict>
		<key>4427F11A1970591600C3019E</key>
		<dict>
			<key>children</key>
			<array>
				<string>4427F11B1970591E00C3019E</string>
				<string>4427F11C1970591E00C3019E</string>
				<string>4427F11D1970591E00C3019E</string>
				<string>4427F11E1970591E00C3019E</string>
				<string>4427F11F1970591E00C3019E</string>
				<string>4427F1201970591E00C3019E</string>
				<string>4427F1211970591E00C3019E</string>
				<string>4427F1221970591E00C3019E</string>
			</array>
			<key>isa</key>
			<string>PBXGroup</string>
			<key>name</key>
			<string>Constants</string>
			<key>sourceTree</key>
			<string>&lt;group&gt;</string>
		</dict>
		<key>4427F11B1970591E00C3019E</key>
		<dict>
			<key>fileEncoding</key>
			<string>4</string>
			<key>isa</key>
			<string>PBXFileReference</string>
			<key>lastKnownFileType</key>
			<string>sourcecode.c.h</string>
			<key>path</key>
			<string>ALCellConstants.h</string>
			<key>sourceTree</key>
			<string>&lt;group&gt;</string>
		</dict>
		<key>4427F11C1970591E00C3019E</key>
		<dict>
			<key>fileEncoding</key>
			<string>4</string>
			<key>isa</key>
			<string>PBXFileReference</string>
			<key>lastKnownFileType</key>
			<string>sourcecode.c.objc</string>
			<key>path</key>
			<string>ALCellConstants.m</string>
			<key>sourceTree</key>
			<string>&lt;group&gt;</string>
		</dict>
		<key>4427F11D1970591E00C3019E</key>
		<dict>
			<key>fileEncoding</key>
			<string>4</string>
			<key>isa</key>
			<string>PBXFileReference</string>
			<key>lastKnownFileType</key>
			<string>sourcecode.c.h</string>
			<key>path</key>
			<string>ALImageCellConstants.h</string>
			<key>sourceTree</key>
			<string>&lt;group&gt;</string>
		</dict>
		<key>4427F11E1970591E00C3019E</key>
		<dict>
			<key>fileEncoding</key>
			<string>4</string>
			<key>isa</key>
			<string>PBXFileReference</string>
			<key>lastKnownFileType</key>
			<string>sourcecode.c.objc</string>
			<key>path</key>
			<string>ALImageCellConstants.m</string>
			<key>sourceTree</key>
			<string>&lt;group&gt;</string>
		</dict>
		<key>4427F11F1970591E00C3019E</key>
		<dict>
			<key>fileEncoding</key>
			<string>4</string>
			<key>isa</key>
			<string>PBXFileReference</string>
			<key>lastKnownFileType</key>
			<string>sourcecode.c.h</string>
			<key>path</key>
			<string>ALLeftLabelCellConstants.h</string>
			<key>sourceTree</key>
			<string>&lt;group&gt;</string>
		</dict>
		<key>4427F1201970591E00C3019E</key>
		<dict>
			<key>fileEncoding</key>
			<string>4</string>
			<key>isa</key>
			<string>PBXFileReference</string>
			<key>lastKnownFileType</key>
			<string>sourcecode.c.objc</string>
			<key>path</key>
			<string>ALLeftLabelCellConstants.m</string>
			<key>sourceTree</key>
			<string>&lt;group&gt;</string>
		</dict>
		<key>4427F1211970591E00C3019E</key>
		<dict>
			<key>fileEncoding</key>
			<string>4</string>
			<key>isa</key>
			<string>PBXFileReference</string>
			<key>lastKnownFileType</key>
			<string>sourcecode.c.h</string>
			<key>path</key>
			<string>ALTextCellConstants.h</string>
			<key>sourceTree</key>
			<string>&lt;group&gt;</string>
		</dict>
		<key>4427F1221970591E00C3019E</key>
		<dict>
			<key>fileEncoding</key>
			<string>4</string>
			<key>isa</key>
			<string>PBXFileReference</string>
			<key>lastKnownFileType</key>
			<string>sourcecode.c.objc</string>
			<key>path</key>
			<string>ALTextCellConstants.m</string>
			<key>sourceTree</key>
			<string>&lt;group&gt;</string>
		</dict>
		<key>4427F1231970591E00C3019E</key>
		<dict>
			<key>fileRef</key>
			<string>4427F11C1970591E00C3019E</string>
			<key>isa</key>
			<string>PBXBuildFile</string>
		</dict>
		<key>4427F1241970591E00C3019E</key>
		<dict>
			<key>fileRef</key>
			<string>4427F11E1970591E00C3019E</string>
			<key>isa</key>
			<string>PBXBuildFile</string>
		</dict>
		<key>4427F1251970591E00C3019E</key>
		<dict>
			<key>fileRef</key>
			<string>4427F1201970591E00C3019E</string>
			<key>isa</key>
			<string>PBXBuildFile</string>
		</dict>
		<key>4427F1261970591E00C3019E</key>
		<dict>
			<key>fileRef</key>
			<string>4427F1221970591E00C3019E</string>
			<key>isa</key>
			<string>PBXBuildFile</string>
		</dict>
		<key>4427F1271970592200C3019E</key>
		<dict>
			<key>children</key>
			<array>
				<string>4427F1281970592E00C3019E</string>
				<string>4427F1291970592E00C3019E</string>
				<string>4427F12A1970592E00C3019E</string>
				<string>4427F12B1970592E00C3019E</string>
				<string>429580931B54CE7600A23551</string>
				<string>429580941B54CE7600A23551</string>
			</array>
			<key>isa</key>
			<string>PBXGroup</string>
			<key>name</key>
			<string>Factories</string>
			<key>sourceTree</key>
			<string>&lt;group&gt;</string>
		</dict>
		<key>4427F1281970592E00C3019E</key>
		<dict>
			<key>fileEncoding</key>
			<string>4</string>
			<key>isa</key>
			<string>PBXFileReference</string>
			<key>lastKnownFileType</key>
			<string>sourcecode.c.h</string>
			<key>path</key>
			<string>ALTableViewCellFactory.h</string>
			<key>sourceTree</key>
			<string>&lt;group&gt;</string>
		</dict>
		<key>4427F1291970592E00C3019E</key>
		<dict>
			<key>fileEncoding</key>
			<string>4</string>
			<key>isa</key>
			<string>PBXFileReference</string>
			<key>lastKnownFileType</key>
			<string>sourcecode.c.objc</string>
			<key>path</key>
			<string>ALTableViewCellFactory.m</string>
			<key>sourceTree</key>
			<string>&lt;group&gt;</string>
		</dict>
		<key>4427F12A1970592E00C3019E</key>
		<dict>
			<key>fileEncoding</key>
			<string>4</string>
			<key>isa</key>
			<string>PBXFileReference</string>
			<key>lastKnownFileType</key>
			<string>sourcecode.c.h</string>
			<key>path</key>
			<string>ALTableViewCellNibFactory.h</string>
			<key>sourceTree</key>
			<string>&lt;group&gt;</string>
		</dict>
		<key>4427F12B1970592E00C3019E</key>
		<dict>
			<key>fileEncoding</key>
			<string>4</string>
			<key>isa</key>
			<string>PBXFileReference</string>
			<key>lastKnownFileType</key>
			<string>sourcecode.c.objc</string>
			<key>path</key>
			<string>ALTableViewCellNibFactory.m</string>
			<key>sourceTree</key>
			<string>&lt;group&gt;</string>
		</dict>
		<key>4427F12C1970592E00C3019E</key>
		<dict>
			<key>fileRef</key>
			<string>4427F1291970592E00C3019E</string>
			<key>isa</key>
			<string>PBXBuildFile</string>
		</dict>
		<key>4427F12D1970592E00C3019E</key>
		<dict>
			<key>fileRef</key>
			<string>4427F12B1970592E00C3019E</string>
			<key>isa</key>
			<string>PBXBuildFile</string>
		</dict>
		<key>4427F12E1970593300C3019E</key>
		<dict>
			<key>children</key>
			<array>
				<string>4427F12F1970593F00C3019E</string>
				<string>429580991B54DCC100A23551</string>
				<string>4427F1301970593F00C3019E</string>
				<string>4427F1321970593F00C3019E</string>
			</array>
			<key>isa</key>
			<string>PBXGroup</string>
			<key>name</key>
			<string>Protocols</string>
			<key>sourceTree</key>
			<string>&lt;group&gt;</string>
		</dict>
		<key>4427F12F1970593F00C3019E</key>
		<dict>
			<key>isa</key>
			<string>PBXFileReference</string>
			<key>lastKnownFileType</key>
			<string>sourcecode.c.h</string>
			<key>path</key>
			<string>ALCellDelegate.h</string>
			<key>sourceTree</key>
			<string>&lt;group&gt;</string>
		</dict>
		<key>4427F1301970593F00C3019E</key>
		<dict>
			<key>isa</key>
			<string>PBXFileReference</string>
			<key>lastKnownFileType</key>
			<string>sourcecode.c.h</string>
			<key>path</key>
			<string>ALTableViewCellFactoryDelegate.h</string>
			<key>sourceTree</key>
			<string>&lt;group&gt;</string>
		</dict>
		<key>4427F1321970593F00C3019E</key>
		<dict>
			<key>isa</key>
			<string>PBXFileReference</string>
			<key>lastKnownFileType</key>
			<string>sourcecode.c.h</string>
			<key>path</key>
			<string>ALTextCellDelegate.h</string>
			<key>sourceTree</key>
			<string>&lt;group&gt;</string>
		</dict>
		<key>4427F1341970594400C3019E</key>
		<dict>
			<key>children</key>
			<array>
				<string>4427F1351970594D00C3019E</string>
				<string>4427F1361970594D00C3019E</string>
				<string>42E2DF2B19C275BF00E3BA76</string>
				<string>42E2DF2C19C275BF00E3BA76</string>
			</array>
			<key>isa</key>
			<string>PBXGroup</string>
			<key>name</key>
			<string>Utilities</string>
			<key>sourceTree</key>
			<string>&lt;group&gt;</string>
		</dict>
		<key>4427F1351970594D00C3019E</key>
		<dict>
			<key>fileEncoding</key>
			<string>4</string>
			<key>isa</key>
			<string>PBXFileReference</string>
			<key>lastKnownFileType</key>
			<string>sourcecode.c.h</string>
			<key>path</key>
			<string>ALTextViewCellHelper.h</string>
			<key>sourceTree</key>
			<string>&lt;group&gt;</string>
		</dict>
		<key>4427F1361970594D00C3019E</key>
		<dict>
			<key>fileEncoding</key>
			<string>4</string>
			<key>isa</key>
			<string>PBXFileReference</string>
			<key>lastKnownFileType</key>
			<string>sourcecode.c.objc</string>
			<key>path</key>
			<string>ALTextViewCellHelper.m</string>
			<key>sourceTree</key>
			<string>&lt;group&gt;</string>
		</dict>
		<key>4427F1371970594D00C3019E</key>
		<dict>
			<key>fileRef</key>
			<string>4427F1361970594D00C3019E</string>
			<key>isa</key>
			<string>PBXBuildFile</string>
		</dict>
		<key>4427F1381970597A00C3019E</key>
		<dict>
			<key>children</key>
			<array>
				<string>4427F139197059A000C3019E</string>
				<string>4427F13A197059A000C3019E</string>
				<string>4427F13B197059A000C3019E</string>
				<string>4427F13C197059A000C3019E</string>
				<string>4427F13D197059A000C3019E</string>
				<string>4427F13E197059A000C3019E</string>
				<string>4427F13F197059A000C3019E</string>
				<string>42C77ADC19C108AC007F2F14</string>
				<string>42E2DF3019C27BF700E3BA76</string>
			</array>
			<key>isa</key>
			<string>PBXGroup</string>
			<key>path</key>
			<string>ResourcesBundle</string>
			<key>sourceTree</key>
			<string>&lt;group&gt;</string>
		</dict>
		<key>4427F139197059A000C3019E</key>
		<dict>
			<key>fileEncoding</key>
			<string>4</string>
			<key>isa</key>
			<string>PBXFileReference</string>
			<key>lastKnownFileType</key>
			<string>file.xib</string>
			<key>path</key>
			<string>ALBooleanCell.xib</string>
			<key>sourceTree</key>
			<string>&lt;group&gt;</string>
		</dict>
		<key>4427F13A197059A000C3019E</key>
		<dict>
			<key>fileEncoding</key>
			<string>4</string>
			<key>isa</key>
			<string>PBXFileReference</string>
			<key>lastKnownFileType</key>
			<string>file.xib</string>
			<key>path</key>
			<string>ALCell.xib</string>
			<key>sourceTree</key>
			<string>&lt;group&gt;</string>
		</dict>
		<key>4427F13B197059A000C3019E</key>
		<dict>
			<key>fileEncoding</key>
			<string>4</string>
			<key>isa</key>
			<string>PBXFileReference</string>
			<key>lastKnownFileType</key>
			<string>file.xib</string>
			<key>path</key>
			<string>ALGalleryCell.xib</string>
			<key>sourceTree</key>
			<string>&lt;group&gt;</string>
		</dict>
		<key>4427F13C197059A000C3019E</key>
		<dict>
			<key>fileEncoding</key>
			<string>4</string>
			<key>isa</key>
			<string>PBXFileReference</string>
			<key>lastKnownFileType</key>
			<string>file.xib</string>
			<key>path</key>
			<string>ALLeftLabelCell.xib</string>
			<key>sourceTree</key>
			<string>&lt;group&gt;</string>
		</dict>
		<key>4427F13D197059A000C3019E</key>
		<dict>
			<key>fileEncoding</key>
			<string>4</string>
			<key>isa</key>
			<string>PBXFileReference</string>
			<key>lastKnownFileType</key>
			<string>file.xib</string>
			<key>path</key>
			<string>ALMenuCell.xib</string>
			<key>sourceTree</key>
			<string>&lt;group&gt;</string>
		</dict>
		<key>4427F13E197059A000C3019E</key>
		<dict>
			<key>fileEncoding</key>
			<string>4</string>
			<key>isa</key>
			<string>PBXFileReference</string>
			<key>lastKnownFileType</key>
			<string>file.xib</string>
			<key>path</key>
			<string>ALTextViewCell.xib</string>
			<key>sourceTree</key>
			<string>&lt;group&gt;</string>
		</dict>
		<key>4427F13F197059A000C3019E</key>
		<dict>
			<key>fileEncoding</key>
			<string>4</string>
			<key>isa</key>
			<string>PBXFileReference</string>
			<key>lastKnownFileType</key>
			<string>file.xib</string>
			<key>path</key>
			<string>ALTextViewOnlyCell.xib</string>
			<key>sourceTree</key>
			<string>&lt;group&gt;</string>
		</dict>
		<key>4427F140197059A000C3019E</key>
		<dict>
			<key>fileRef</key>
			<string>4427F139197059A000C3019E</string>
			<key>isa</key>
			<string>PBXBuildFile</string>
		</dict>
		<key>4427F141197059A000C3019E</key>
		<dict>
			<key>fileRef</key>
			<string>4427F13A197059A000C3019E</string>
			<key>isa</key>
			<string>PBXBuildFile</string>
		</dict>
		<key>4427F142197059A000C3019E</key>
		<dict>
			<key>fileRef</key>
			<string>4427F13B197059A000C3019E</string>
			<key>isa</key>
			<string>PBXBuildFile</string>
		</dict>
		<key>4427F143197059A000C3019E</key>
		<dict>
			<key>fileRef</key>
			<string>4427F13C197059A000C3019E</string>
			<key>isa</key>
			<string>PBXBuildFile</string>
		</dict>
		<key>4427F144197059A000C3019E</key>
		<dict>
			<key>fileRef</key>
			<string>4427F13D197059A000C3019E</string>
			<key>isa</key>
			<string>PBXBuildFile</string>
		</dict>
		<key>4427F145197059A000C3019E</key>
		<dict>
			<key>fileRef</key>
			<string>4427F13E197059A000C3019E</string>
			<key>isa</key>
			<string>PBXBuildFile</string>
		</dict>
		<key>4427F146197059A000C3019E</key>
		<dict>
			<key>fileRef</key>
			<string>4427F13F197059A000C3019E</string>
			<key>isa</key>
			<string>PBXBuildFile</string>
		</dict>
		<key>4427F147197062D700C3019E</key>
		<dict>
			<key>fileEncoding</key>
			<string>4</string>
			<key>isa</key>
			<string>PBXFileReference</string>
			<key>lastKnownFileType</key>
			<string>sourcecode.c.objc</string>
			<key>path</key>
			<string>ALBaseCellTests.m</string>
			<key>sourceTree</key>
			<string>&lt;group&gt;</string>
		</dict>
		<key>4427F148197062D700C3019E</key>
		<dict>
			<key>fileEncoding</key>
			<string>4</string>
			<key>isa</key>
			<string>PBXFileReference</string>
			<key>lastKnownFileType</key>
			<string>sourcecode.c.objc</string>
			<key>path</key>
			<string>ALImageCellTests.m</string>
			<key>sourceTree</key>
			<string>&lt;group&gt;</string>
		</dict>
		<key>4427F149197062D700C3019E</key>
		<dict>
			<key>fileEncoding</key>
			<string>4</string>
			<key>isa</key>
			<string>PBXFileReference</string>
			<key>lastKnownFileType</key>
			<string>sourcecode.c.objc</string>
			<key>path</key>
			<string>ALBooleanCellTests.m</string>
			<key>sourceTree</key>
			<string>&lt;group&gt;</string>
		</dict>
		<key>4427F14B197062D800C3019E</key>
		<dict>
			<key>fileEncoding</key>
			<string>4</string>
			<key>isa</key>
			<string>PBXFileReference</string>
			<key>lastKnownFileType</key>
			<string>sourcecode.c.objc</string>
			<key>path</key>
			<string>ALCellFactoryTests.m</string>
			<key>sourceTree</key>
			<string>&lt;group&gt;</string>
		</dict>
		<key>4427F14C197062D800C3019E</key>
		<dict>
			<key>fileEncoding</key>
			<string>4</string>
			<key>isa</key>
			<string>PBXFileReference</string>
			<key>lastKnownFileType</key>
			<string>sourcecode.c.objc</string>
			<key>path</key>
			<string>ALCellNibFactoryTests.m</string>
			<key>sourceTree</key>
			<string>&lt;group&gt;</string>
		</dict>
		<key>4427F14D197062D800C3019E</key>
		<dict>
			<key>fileEncoding</key>
			<string>4</string>
			<key>isa</key>
			<string>PBXFileReference</string>
			<key>lastKnownFileType</key>
			<string>sourcecode.c.objc</string>
			<key>path</key>
			<string>ALCellTests.m</string>
			<key>sourceTree</key>
			<string>&lt;group&gt;</string>
		</dict>
		<key>4427F14E197062D800C3019E</key>
		<dict>
			<key>fileEncoding</key>
			<string>4</string>
			<key>isa</key>
			<string>PBXFileReference</string>
			<key>lastKnownFileType</key>
			<string>sourcecode.c.objc</string>
			<key>path</key>
			<string>ALGalleryCellTests.m</string>
			<key>sourceTree</key>
			<string>&lt;group&gt;</string>
		</dict>
		<key>4427F14F197062D800C3019E</key>
		<dict>
			<key>fileEncoding</key>
			<string>4</string>
			<key>isa</key>
			<string>PBXFileReference</string>
			<key>lastKnownFileType</key>
			<string>sourcecode.c.objc</string>
			<key>path</key>
			<string>ALLeftLabelCellTests.m</string>
			<key>sourceTree</key>
			<string>&lt;group&gt;</string>
		</dict>
		<key>4427F150197062D800C3019E</key>
		<dict>
			<key>fileEncoding</key>
			<string>4</string>
			<key>isa</key>
			<string>PBXFileReference</string>
			<key>lastKnownFileType</key>
			<string>sourcecode.c.objc</string>
			<key>path</key>
			<string>ALMenuCellTests.m</string>
			<key>sourceTree</key>
			<string>&lt;group&gt;</string>
		</dict>
		<key>4427F151197062D800C3019E</key>
		<dict>
			<key>fileEncoding</key>
			<string>4</string>
			<key>isa</key>
			<string>PBXFileReference</string>
			<key>lastKnownFileType</key>
			<string>sourcecode.c.objc</string>
			<key>path</key>
			<string>ALTextViewCellTests.m</string>
			<key>sourceTree</key>
			<string>&lt;group&gt;</string>
		</dict>
		<key>4427F152197062D800C3019E</key>
		<dict>
			<key>fileEncoding</key>
			<string>4</string>
			<key>isa</key>
			<string>PBXFileReference</string>
			<key>lastKnownFileType</key>
			<string>sourcecode.c.objc</string>
			<key>path</key>
			<string>ALTextViewOnlyCellTests.m</string>
			<key>sourceTree</key>
			<string>&lt;group&gt;</string>
		</dict>
		<key>4427F153197062D800C3019E</key>
		<dict>
			<key>fileEncoding</key>
			<string>4</string>
			<key>isa</key>
			<string>PBXFileReference</string>
			<key>lastKnownFileType</key>
			<string>sourcecode.c.objc</string>
			<key>path</key>
			<string>ALTextViewCellHelperTests.m</string>
			<key>sourceTree</key>
			<string>&lt;group&gt;</string>
		</dict>
		<key>4427F155197062D800C3019E</key>
		<dict>
			<key>fileRef</key>
			<string>4427F147197062D700C3019E</string>
			<key>isa</key>
			<string>PBXBuildFile</string>
		</dict>
		<key>4427F156197062D800C3019E</key>
		<dict>
			<key>fileRef</key>
			<string>4427F148197062D700C3019E</string>
			<key>isa</key>
			<string>PBXBuildFile</string>
		</dict>
		<key>4427F157197062D800C3019E</key>
		<dict>
			<key>fileRef</key>
			<string>4427F149197062D700C3019E</string>
			<key>isa</key>
			<string>PBXBuildFile</string>
		</dict>
		<key>4427F159197062D800C3019E</key>
		<dict>
			<key>fileRef</key>
			<string>4427F14B197062D800C3019E</string>
			<key>isa</key>
			<string>PBXBuildFile</string>
		</dict>
		<key>4427F15A197062D800C3019E</key>
		<dict>
			<key>fileRef</key>
			<string>4427F14C197062D800C3019E</string>
			<key>isa</key>
			<string>PBXBuildFile</string>
		</dict>
		<key>4427F15B197062D800C3019E</key>
		<dict>
			<key>fileRef</key>
			<string>4427F14D197062D800C3019E</string>
			<key>isa</key>
			<string>PBXBuildFile</string>
		</dict>
		<key>4427F15C197062D800C3019E</key>
		<dict>
			<key>fileRef</key>
			<string>4427F14E197062D800C3019E</string>
			<key>isa</key>
			<string>PBXBuildFile</string>
		</dict>
		<key>4427F15D197062D800C3019E</key>
		<dict>
			<key>fileRef</key>
			<string>4427F14F197062D800C3019E</string>
			<key>isa</key>
			<string>PBXBuildFile</string>
		</dict>
		<key>4427F15E197062D800C3019E</key>
		<dict>
			<key>fileRef</key>
			<string>4427F150197062D800C3019E</string>
			<key>isa</key>
			<string>PBXBuildFile</string>
		</dict>
		<key>4427F15F197062D800C3019E</key>
		<dict>
			<key>fileRef</key>
			<string>4427F151197062D800C3019E</string>
			<key>isa</key>
			<string>PBXBuildFile</string>
		</dict>
		<key>4427F160197062D800C3019E</key>
		<dict>
			<key>fileRef</key>
			<string>4427F152197062D800C3019E</string>
			<key>isa</key>
			<string>PBXBuildFile</string>
		</dict>
		<key>4427F161197062D800C3019E</key>
		<dict>
			<key>fileRef</key>
			<string>4427F153197062D800C3019E</string>
			<key>isa</key>
			<string>PBXBuildFile</string>
		</dict>
		<key>4427F163197062E500C3019E</key>
		<dict>
			<key>children</key>
			<array>
				<string>42B057A019BA7D1800AB8C6F</string>
				<string>42FC099C19BA746B0011D1FF</string>
			</array>
			<key>isa</key>
			<string>PBXGroup</string>
			<key>name</key>
			<string>Views</string>
			<key>sourceTree</key>
			<string>&lt;group&gt;</string>
		</dict>
		<key>4427F164197062EC00C3019E</key>
		<dict>
			<key>children</key>
			<array>
				<string>4427F167197062FD00C3019E</string>
				<string>4427F168197062FD00C3019E</string>
				<string>42399F5A19C62F1A00E26A3E</string>
				<string>42399F5B19C62F1A00E26A3E</string>
				<string>42399F5D19C651BE00E26A3E</string>
				<string>42399F5E19C651BE00E26A3E</string>
			</array>
			<key>isa</key>
			<string>PBXGroup</string>
			<key>name</key>
			<string>Classes</string>
			<key>sourceTree</key>
			<string>&lt;group&gt;</string>
		</dict>
		<key>4427F167197062FD00C3019E</key>
		<dict>
			<key>fileEncoding</key>
			<string>4</string>
			<key>isa</key>
			<string>PBXFileReference</string>
			<key>lastKnownFileType</key>
			<string>sourcecode.c.h</string>
			<key>path</key>
			<string>Test_ALTableViewCellNibFactory.h</string>
			<key>sourceTree</key>
			<string>&lt;group&gt;</string>
		</dict>
		<key>4427F168197062FD00C3019E</key>
		<dict>
			<key>fileEncoding</key>
			<string>4</string>
			<key>isa</key>
			<string>PBXFileReference</string>
			<key>lastKnownFileType</key>
			<string>sourcecode.c.objc</string>
			<key>path</key>
			<string>Test_ALTableViewCellNibFactory.m</string>
			<key>sourceTree</key>
			<string>&lt;group&gt;</string>
		</dict>
		<key>4427F16A197062FD00C3019E</key>
		<dict>
			<key>fileRef</key>
			<string>4427F168197062FD00C3019E</string>
			<key>isa</key>
			<string>PBXBuildFile</string>
		</dict>
		<key>443F387A1973AD8D0029B05C</key>
		<dict>
			<key>isa</key>
			<string>PBXFileReference</string>
			<key>lastKnownFileType</key>
			<string>sourcecode.c.h</string>
			<key>path</key>
			<string>AutoLayoutCellsEverything.h</string>
			<key>sourceTree</key>
			<string>&lt;group&gt;</string>
		</dict>
		<key>443F387B1973AE9F0029B05C</key>
		<dict>
			<key>isa</key>
			<string>PBXFileReference</string>
			<key>lastKnownFileType</key>
			<string>sourcecode.c.h</string>
			<key>path</key>
			<string>AutoLayoutCells.h</string>
			<key>sourceTree</key>
			<string>&lt;group&gt;</string>
		</dict>
		<key>44759AA21970B1A000C66599</key>
		<dict>
			<key>isa</key>
			<string>PBXFileReference</string>
			<key>lastKnownFileType</key>
			<string>image.png</string>
			<key>path</key>
			<string>test_image.png</string>
			<key>sourceTree</key>
			<string>&lt;group&gt;</string>
		</dict>
		<key>44759AA31970B1A000C66599</key>
		<dict>
			<key>fileRef</key>
			<string>44759AA21970B1A000C66599</string>
			<key>isa</key>
			<string>PBXBuildFile</string>
		</dict>
		<key>44BBB963197049C200AB4596</key>
		<dict>
			<key>children</key>
			<array>
				<string>44BBB971197049C200AB4596</string>
				<string>44BBB985197049C200AB4596</string>
				<string>44BBB96E197049C200AB4596</string>
				<string>44BBB96D197049C200AB4596</string>
				<string>CA2D8623878D2A395D9B3410</string>
			</array>
			<key>isa</key>
			<string>PBXGroup</string>
			<key>sourceTree</key>
			<string>&lt;group&gt;</string>
		</dict>
		<key>44BBB964197049C200AB4596</key>
		<dict>
			<key>attributes</key>
			<dict>
				<key>CLASSPREFIX</key>
				<string>AL</string>
				<key>LastUpgradeCheck</key>
				<string>0700</string>
				<key>ORGANIZATIONNAME</key>
				<string></string>
			</dict>
			<key>buildConfigurationList</key>
			<string>44BBB967197049C200AB4596</string>
			<key>compatibilityVersion</key>
			<string>Xcode 3.2</string>
			<key>developmentRegion</key>
			<string>English</string>
			<key>hasScannedForEncodings</key>
			<string>0</string>
			<key>isa</key>
			<string>PBXProject</string>
			<key>knownRegions</key>
			<array>
				<string>en</string>
			</array>
			<key>mainGroup</key>
			<string>44BBB963197049C200AB4596</string>
			<key>productRefGroup</key>
			<string>44BBB96D197049C200AB4596</string>
			<key>projectDirPath</key>
			<string></string>
			<key>projectReferences</key>
			<array/>
			<key>projectRoot</key>
			<string></string>
			<key>targets</key>
			<array>
				<string>44BBB96B197049C200AB4596</string>
				<string>44BBB97B197049C200AB4596</string>
			</array>
		</dict>
		<key>44BBB967197049C200AB4596</key>
		<dict>
			<key>buildConfigurations</key>
			<array>
				<string>44BBB98D197049C200AB4596</string>
				<string>44BBB98E197049C200AB4596</string>
			</array>
			<key>defaultConfigurationIsVisible</key>
			<string>0</string>
			<key>defaultConfigurationName</key>
			<string>Release</string>
			<key>isa</key>
			<string>XCConfigurationList</string>
		</dict>
		<key>44BBB968197049C200AB4596</key>
		<dict>
			<key>buildActionMask</key>
			<string>2147483647</string>
			<key>files</key>
			<array>
				<string>F903693519BDE5B80065AEB3</string>
				<string>42FF946119C657A900263BE6</string>
				<string>42942B891B58F368001FD7ED</string>
				<string>4427F12C1970592E00C3019E</string>
				<string>42A478C719C0E3DC00EDD725</string>
				<string>44BBB9A119704C4D00AB4596</string>
				<string>4427F1151970590A00C3019E</string>
				<string>4427F1191970590A00C3019E</string>
				<string>4427F1131970590A00C3019E</string>
				<string>F95A786519BD7D2400BD6AF8</string>
				<string>4427F1251970591E00C3019E</string>
				<string>4427F1181970590A00C3019E</string>
				<string>4427F1141970590A00C3019E</string>
				<string>42FC099B19BA725E0011D1FF</string>
				<string>4427F12D1970592E00C3019E</string>
				<string>429580951B54CE7600A23551</string>
				<string>4427F1231970591E00C3019E</string>
				<string>42E30D4819BD1B8B00AD4DCA</string>
				<string>4427F1171970590A00C3019E</string>
				<string>4427F1161970590A00C3019E</string>
				<string>4427F1371970594D00C3019E</string>
				<string>42E2DF2D19C275BF00E3BA76</string>
				<string>4261190B1B55DED20027A6DE</string>
				<string>4427F1241970591E00C3019E</string>
				<string>4427F1261970591E00C3019E</string>
			</array>
			<key>isa</key>
			<string>PBXSourcesBuildPhase</string>
			<key>runOnlyForDeploymentPostprocessing</key>
			<string>0</string>
		</dict>
		<key>44BBB969197049C200AB4596</key>
		<dict>
			<key>buildActionMask</key>
			<string>2147483647</string>
			<key>files</key>
			<array>
				<string>916429C9DB77F8BCDC995CDE</string>
			</array>
			<key>isa</key>
			<string>PBXFrameworksBuildPhase</string>
			<key>runOnlyForDeploymentPostprocessing</key>
			<string>0</string>
		</dict>
		<key>44BBB96A197049C200AB4596</key>
		<dict>
			<key>buildActionMask</key>
			<string>2147483647</string>
			<key>dstPath</key>
			<string>include/$(PRODUCT_NAME)</string>
			<key>dstSubfolderSpec</key>
			<string>16</string>
			<key>files</key>
			<array/>
			<key>isa</key>
			<string>PBXCopyFilesBuildPhase</string>
			<key>runOnlyForDeploymentPostprocessing</key>
			<string>0</string>
		</dict>
		<key>44BBB96B197049C200AB4596</key>
		<dict>
			<key>buildConfigurationList</key>
			<string>44BBB98F197049C200AB4596</string>
			<key>buildPhases</key>
			<array>
				<string>15D01FFC1707C2C75F10DC64</string>
				<string>44BBB968197049C200AB4596</string>
				<string>44BBB969197049C200AB4596</string>
				<string>44BBB96A197049C200AB4596</string>
				<string>5616C31F21292070525F1B54</string>
			</array>
			<key>buildRules</key>
			<array/>
			<key>dependencies</key>
			<array/>
			<key>isa</key>
			<string>PBXNativeTarget</string>
			<key>name</key>
			<string>AutoLayoutCells</string>
			<key>productName</key>
			<string>AutoLayoutCells</string>
			<key>productReference</key>
			<string>44BBB96C197049C200AB4596</string>
			<key>productType</key>
			<string>com.apple.product-type.library.static</string>
		</dict>
		<key>44BBB96C197049C200AB4596</key>
		<dict>
			<key>explicitFileType</key>
			<string>archive.ar</string>
			<key>includeInIndex</key>
			<string>0</string>
			<key>isa</key>
			<string>PBXFileReference</string>
			<key>path</key>
			<string>libAutoLayoutCells.a</string>
			<key>sourceTree</key>
			<string>BUILT_PRODUCTS_DIR</string>
		</dict>
		<key>44BBB96D197049C200AB4596</key>
		<dict>
			<key>children</key>
			<array>
				<string>44BBB96C197049C200AB4596</string>
				<string>44BBB97C197049C200AB4596</string>
			</array>
			<key>isa</key>
			<string>PBXGroup</string>
			<key>name</key>
			<string>Products</string>
			<key>sourceTree</key>
			<string>&lt;group&gt;</string>
		</dict>
		<key>44BBB96E197049C200AB4596</key>
		<dict>
			<key>children</key>
			<array>
				<string>44BBB97D197049C200AB4596</string>
				<string>6ABE1D36AB4B635D86828A3C</string>
				<string>4A104045AE7686AE1E4BDF00</string>
			</array>
			<key>isa</key>
			<string>PBXGroup</string>
			<key>name</key>
			<string>Frameworks</string>
			<key>sourceTree</key>
			<string>&lt;group&gt;</string>
		</dict>
		<key>44BBB971197049C200AB4596</key>
		<dict>
			<key>children</key>
			<array>
				<string>42E30D4219BD1B8B00AD4DCA</string>
				<string>44BBB99519704A9200AB4596</string>
				<string>44BBB972197049C200AB4596</string>
			</array>
			<key>isa</key>
			<string>PBXGroup</string>
			<key>path</key>
			<string>AutoLayoutCells</string>
			<key>sourceTree</key>
			<string>&lt;group&gt;</string>
		</dict>
		<key>44BBB972197049C200AB4596</key>
		<dict>
			<key>children</key>
			<array>
				<string>44BBB973197049C200AB4596</string>
			</array>
			<key>isa</key>
			<string>PBXGroup</string>
			<key>name</key>
			<string>Supporting Files</string>
			<key>sourceTree</key>
			<string>&lt;group&gt;</string>
		</dict>
		<key>44BBB973197049C200AB4596</key>
		<dict>
			<key>isa</key>
			<string>PBXFileReference</string>
			<key>lastKnownFileType</key>
			<string>sourcecode.c.h</string>
			<key>path</key>
			<string>AutoLayoutCells-Prefix.pch</string>
			<key>sourceTree</key>
			<string>&lt;group&gt;</string>
		</dict>
		<key>44BBB978197049C200AB4596</key>
		<dict>
			<key>buildActionMask</key>
			<string>2147483647</string>
			<key>files</key>
			<array>
				<string>42C281CF19C3C88E00C2F150</string>
				<string>429580981B54CECA00A23551</string>
				<string>4427F160197062D800C3019E</string>
				<string>4427F155197062D800C3019E</string>
				<string>429D1D7019BC1FA500793D2D</string>
				<string>4261190E1B55E1E60027A6DE</string>
				<string>4427F15D197062D800C3019E</string>
				<string>42399F5C19C62F1A00E26A3E</string>
				<string>4427F16A197062FD00C3019E</string>
				<string>4427F15A197062D800C3019E</string>
				<string>420DF88F19BBC2EC0045CAA3</string>
				<string>42E2DF2F19C2767800E3BA76</string>
				<string>4427F15B197062D800C3019E</string>
				<string>4427F156197062D800C3019E</string>
				<string>4427F161197062D800C3019E</string>
				<string>4427F157197062D800C3019E</string>
				<string>4427F15C197062D800C3019E</string>
				<string>42B057A119BA7D1800AB8C6F</string>
				<string>4427F15F197062D800C3019E</string>
				<string>42433D8B19C0FB1D004F2FC0</string>
				<string>4427F159197062D800C3019E</string>
				<string>4427F15E197062D800C3019E</string>
				<string>4254CC721B9FD2C300BDEB7E</string>
				<string>44BBB9A8197051EC00AB4596</string>
				<string>42399F5F19C651BE00E26A3E</string>
			</array>
			<key>isa</key>
			<string>PBXSourcesBuildPhase</string>
			<key>runOnlyForDeploymentPostprocessing</key>
			<string>0</string>
		</dict>
		<key>44BBB979197049C200AB4596</key>
		<dict>
			<key>buildActionMask</key>
			<string>2147483647</string>
			<key>files</key>
			<array>
				<string>44BBB984197049C200AB4596</string>
				<string>44BBB97E197049C200AB4596</string>
				<string>7C5B034C7EBBC757B35659B9</string>
			</array>
			<key>isa</key>
			<string>PBXFrameworksBuildPhase</string>
			<key>runOnlyForDeploymentPostprocessing</key>
			<string>0</string>
		</dict>
		<key>44BBB97A197049C200AB4596</key>
		<dict>
			<key>buildActionMask</key>
			<string>2147483647</string>
			<key>files</key>
			<array>
				<string>4427F144197059A000C3019E</string>
				<string>42E2DF3119C27ED700E3BA76</string>
				<string>4427F143197059A000C3019E</string>
				<string>42C77AE019C11C83007F2F14</string>
				<string>4427F146197059A000C3019E</string>
				<string>4427F140197059A000C3019E</string>
				<string>44BBB98A197049C200AB4596</string>
				<string>4427F142197059A000C3019E</string>
				<string>44759AA31970B1A000C66599</string>
				<string>4427F145197059A000C3019E</string>
				<string>4427F141197059A000C3019E</string>
			</array>
			<key>isa</key>
			<string>PBXResourcesBuildPhase</string>
			<key>runOnlyForDeploymentPostprocessing</key>
			<string>0</string>
		</dict>
		<key>44BBB97B197049C200AB4596</key>
		<dict>
			<key>buildConfigurationList</key>
			<string>44BBB992197049C200AB4596</string>
			<key>buildPhases</key>
			<array>
				<string>CC621029A319033611723F27</string>
				<string>44BBB978197049C200AB4596</string>
				<string>44BBB979197049C200AB4596</string>
				<string>44BBB97A197049C200AB4596</string>
				<string>7103EB39079EC58DC5F0EF00</string>
				<string>4006AC238C955F4B73D0E1E2</string>
				<string>5572392AB87EC31079D15C31</string>
			</array>
			<key>buildRules</key>
			<array/>
			<key>dependencies</key>
			<array>
				<string>44BBB983197049C200AB4596</string>
			</array>
			<key>isa</key>
			<string>PBXNativeTarget</string>
			<key>name</key>
			<string>AutoLayoutCellsTests</string>
			<key>productName</key>
			<string>AutoLayoutCellsTests</string>
			<key>productReference</key>
			<string>44BBB97C197049C200AB4596</string>
			<key>productType</key>
			<string>com.apple.product-type.bundle.unit-test</string>
		</dict>
		<key>44BBB97C197049C200AB4596</key>
		<dict>
			<key>explicitFileType</key>
			<string>wrapper.cfbundle</string>
			<key>includeInIndex</key>
			<string>0</string>
			<key>isa</key>
			<string>PBXFileReference</string>
			<key>path</key>
			<string>AutoLayoutCellsTests.xctest</string>
			<key>sourceTree</key>
			<string>BUILT_PRODUCTS_DIR</string>
		</dict>
		<key>44BBB97D197049C200AB4596</key>
		<dict>
			<key>isa</key>
			<string>PBXFileReference</string>
			<key>lastKnownFileType</key>
			<string>wrapper.framework</string>
			<key>name</key>
			<string>XCTest.framework</string>
			<key>path</key>
			<string>Library/Frameworks/XCTest.framework</string>
			<key>sourceTree</key>
			<string>DEVELOPER_DIR</string>
		</dict>
		<key>44BBB97E197049C200AB4596</key>
		<dict>
			<key>fileRef</key>
			<string>44BBB97D197049C200AB4596</string>
			<key>isa</key>
			<string>PBXBuildFile</string>
		</dict>
		<key>44BBB982197049C200AB4596</key>
		<dict>
			<key>containerPortal</key>
			<string>44BBB964197049C200AB4596</string>
			<key>isa</key>
			<string>PBXContainerItemProxy</string>
			<key>proxyType</key>
			<string>1</string>
			<key>remoteGlobalIDString</key>
			<string>44BBB96B197049C200AB4596</string>
			<key>remoteInfo</key>
			<string>AutoLayoutCells</string>
		</dict>
		<key>44BBB983197049C200AB4596</key>
		<dict>
			<key>isa</key>
			<string>PBXTargetDependency</string>
			<key>target</key>
			<string>44BBB96B197049C200AB4596</string>
			<key>targetProxy</key>
			<string>44BBB982197049C200AB4596</string>
		</dict>
		<key>44BBB984197049C200AB4596</key>
		<dict>
			<key>fileRef</key>
			<string>44BBB96C197049C200AB4596</string>
			<key>isa</key>
			<string>PBXBuildFile</string>
		</dict>
		<key>44BBB985197049C200AB4596</key>
		<dict>
			<key>children</key>
			<array>
				<string>F9F10F6419BDC26E00A1117B</string>
				<string>44BBB9A6197051DF00AB4596</string>
				<string>44BBB986197049C200AB4596</string>
			</array>
			<key>isa</key>
			<string>PBXGroup</string>
			<key>path</key>
			<string>AutoLayoutCellsTests</string>
			<key>sourceTree</key>
			<string>&lt;group&gt;</string>
		</dict>
		<key>44BBB986197049C200AB4596</key>
		<dict>
			<key>children</key>
			<array>
				<string>44759AA21970B1A000C66599</string>
				<string>44BBB987197049C200AB4596</string>
				<string>44BBB988197049C200AB4596</string>
			</array>
			<key>isa</key>
			<string>PBXGroup</string>
			<key>name</key>
			<string>Supporting Files</string>
			<key>sourceTree</key>
			<string>&lt;group&gt;</string>
		</dict>
		<key>44BBB987197049C200AB4596</key>
		<dict>
			<key>isa</key>
			<string>PBXFileReference</string>
			<key>lastKnownFileType</key>
			<string>text.plist.xml</string>
			<key>path</key>
			<string>AutoLayoutCellsTests-Info.plist</string>
			<key>sourceTree</key>
			<string>&lt;group&gt;</string>
		</dict>
		<key>44BBB988197049C200AB4596</key>
		<dict>
			<key>children</key>
			<array>
				<string>44BBB989197049C200AB4596</string>
			</array>
			<key>isa</key>
			<string>PBXVariantGroup</string>
			<key>name</key>
			<string>InfoPlist.strings</string>
			<key>sourceTree</key>
			<string>&lt;group&gt;</string>
		</dict>
		<key>44BBB989197049C200AB4596</key>
		<dict>
			<key>isa</key>
			<string>PBXFileReference</string>
			<key>lastKnownFileType</key>
			<string>text.plist.strings</string>
			<key>name</key>
			<string>en</string>
			<key>path</key>
			<string>en.lproj/InfoPlist.strings</string>
			<key>sourceTree</key>
			<string>&lt;group&gt;</string>
		</dict>
		<key>44BBB98A197049C200AB4596</key>
		<dict>
			<key>fileRef</key>
			<string>44BBB988197049C200AB4596</string>
			<key>isa</key>
			<string>PBXBuildFile</string>
		</dict>
		<key>44BBB98D197049C200AB4596</key>
		<dict>
			<key>buildSettings</key>
			<dict>
				<key>ALWAYS_SEARCH_USER_PATHS</key>
				<string>NO</string>
				<key>CLANG_CXX_LANGUAGE_STANDARD</key>
				<string>gnu++0x</string>
				<key>CLANG_CXX_LIBRARY</key>
				<string>libc++</string>
				<key>CLANG_ENABLE_MODULES</key>
				<string>YES</string>
				<key>CLANG_ENABLE_OBJC_ARC</key>
				<string>YES</string>
				<key>CLANG_WARN_BOOL_CONVERSION</key>
				<string>YES</string>
				<key>CLANG_WARN_CONSTANT_CONVERSION</key>
				<string>YES</string>
				<key>CLANG_WARN_DIRECT_OBJC_ISA_USAGE</key>
				<string>YES_ERROR</string>
				<key>CLANG_WARN_EMPTY_BODY</key>
				<string>YES</string>
				<key>CLANG_WARN_ENUM_CONVERSION</key>
				<string>YES</string>
				<key>CLANG_WARN_INT_CONVERSION</key>
				<string>YES</string>
				<key>CLANG_WARN_OBJC_ROOT_CLASS</key>
				<string>YES_ERROR</string>
				<key>CLANG_WARN__DUPLICATE_METHOD_MATCH</key>
				<string>YES</string>
				<key>COPY_PHASE_STRIP</key>
				<string>NO</string>
				<key>ENABLE_TESTABILITY</key>
				<string>YES</string>
				<key>GCC_C_LANGUAGE_STANDARD</key>
				<string>gnu99</string>
				<key>GCC_DYNAMIC_NO_PIC</key>
				<string>NO</string>
				<key>GCC_OPTIMIZATION_LEVEL</key>
				<string>0</string>
				<key>GCC_PREPROCESSOR_DEFINITIONS</key>
				<array>
					<string>DEBUG=1</string>
					<string>$(inherited)</string>
				</array>
				<key>GCC_SYMBOLS_PRIVATE_EXTERN</key>
				<string>NO</string>
				<key>GCC_WARN_64_TO_32_BIT_CONVERSION</key>
				<string>YES</string>
				<key>GCC_WARN_ABOUT_RETURN_TYPE</key>
				<string>YES_ERROR</string>
				<key>GCC_WARN_UNDECLARED_SELECTOR</key>
				<string>YES</string>
				<key>GCC_WARN_UNINITIALIZED_AUTOS</key>
				<string>YES_AGGRESSIVE</string>
				<key>GCC_WARN_UNUSED_FUNCTION</key>
				<string>YES</string>
				<key>GCC_WARN_UNUSED_VARIABLE</key>
				<string>YES</string>
				<key>IPHONEOS_DEPLOYMENT_TARGET</key>
				<string>7.1</string>
				<key>ONLY_ACTIVE_ARCH</key>
				<string>YES</string>
				<key>SDKROOT</key>
				<string>iphoneos</string>
			</dict>
			<key>isa</key>
			<string>XCBuildConfiguration</string>
			<key>name</key>
			<string>Debug</string>
		</dict>
		<key>44BBB98E197049C200AB4596</key>
		<dict>
			<key>buildSettings</key>
			<dict>
				<key>ALWAYS_SEARCH_USER_PATHS</key>
				<string>NO</string>
				<key>CLANG_CXX_LANGUAGE_STANDARD</key>
				<string>gnu++0x</string>
				<key>CLANG_CXX_LIBRARY</key>
				<string>libc++</string>
				<key>CLANG_ENABLE_MODULES</key>
				<string>YES</string>
				<key>CLANG_ENABLE_OBJC_ARC</key>
				<string>YES</string>
				<key>CLANG_WARN_BOOL_CONVERSION</key>
				<string>YES</string>
				<key>CLANG_WARN_CONSTANT_CONVERSION</key>
				<string>YES</string>
				<key>CLANG_WARN_DIRECT_OBJC_ISA_USAGE</key>
				<string>YES_ERROR</string>
				<key>CLANG_WARN_EMPTY_BODY</key>
				<string>YES</string>
				<key>CLANG_WARN_ENUM_CONVERSION</key>
				<string>YES</string>
				<key>CLANG_WARN_INT_CONVERSION</key>
				<string>YES</string>
				<key>CLANG_WARN_OBJC_ROOT_CLASS</key>
				<string>YES_ERROR</string>
				<key>CLANG_WARN__DUPLICATE_METHOD_MATCH</key>
				<string>YES</string>
				<key>COPY_PHASE_STRIP</key>
				<string>YES</string>
				<key>ENABLE_NS_ASSERTIONS</key>
				<string>NO</string>
				<key>GCC_C_LANGUAGE_STANDARD</key>
				<string>gnu99</string>
				<key>GCC_WARN_64_TO_32_BIT_CONVERSION</key>
				<string>YES</string>
				<key>GCC_WARN_ABOUT_RETURN_TYPE</key>
				<string>YES_ERROR</string>
				<key>GCC_WARN_UNDECLARED_SELECTOR</key>
				<string>YES</string>
				<key>GCC_WARN_UNINITIALIZED_AUTOS</key>
				<string>YES_AGGRESSIVE</string>
				<key>GCC_WARN_UNUSED_FUNCTION</key>
				<string>YES</string>
				<key>GCC_WARN_UNUSED_VARIABLE</key>
				<string>YES</string>
				<key>IPHONEOS_DEPLOYMENT_TARGET</key>
				<string>7.1</string>
				<key>SDKROOT</key>
				<string>iphoneos</string>
				<key>VALIDATE_PRODUCT</key>
				<string>YES</string>
			</dict>
			<key>isa</key>
			<string>XCBuildConfiguration</string>
			<key>name</key>
			<string>Release</string>
		</dict>
		<key>44BBB98F197049C200AB4596</key>
		<dict>
			<key>buildConfigurations</key>
			<array>
				<string>44BBB990197049C200AB4596</string>
				<string>44BBB991197049C200AB4596</string>
			</array>
			<key>defaultConfigurationIsVisible</key>
			<string>0</string>
			<key>defaultConfigurationName</key>
			<string>Release</string>
			<key>isa</key>
			<string>XCConfigurationList</string>
		</dict>
		<key>44BBB990197049C200AB4596</key>
		<dict>
			<key>baseConfigurationReference</key>
			<string>508451E325E1095DC4083C1B</string>
			<key>buildSettings</key>
			<dict>
				<key>DSTROOT</key>
				<string>/tmp/AutoLayoutCells.dst</string>
				<key>GCC_PRECOMPILE_PREFIX_HEADER</key>
				<string>YES</string>
				<key>GCC_PREFIX_HEADER</key>
				<string>AutoLayoutCells/AutoLayoutCells-Prefix.pch</string>
				<key>PRODUCT_NAME</key>
				<string>$(TARGET_NAME)</string>
				<key>SKIP_INSTALL</key>
				<string>YES</string>
			</dict>
			<key>isa</key>
			<string>XCBuildConfiguration</string>
			<key>name</key>
			<string>Debug</string>
		</dict>
		<key>44BBB991197049C200AB4596</key>
		<dict>
			<key>baseConfigurationReference</key>
			<string>589DCFF1361E7EB7DBA2F20C</string>
			<key>buildSettings</key>
			<dict>
				<key>DSTROOT</key>
				<string>/tmp/AutoLayoutCells.dst</string>
				<key>GCC_PRECOMPILE_PREFIX_HEADER</key>
				<string>YES</string>
				<key>GCC_PREFIX_HEADER</key>
				<string>AutoLayoutCells/AutoLayoutCells-Prefix.pch</string>
				<key>PRODUCT_NAME</key>
				<string>$(TARGET_NAME)</string>
				<key>SKIP_INSTALL</key>
				<string>YES</string>
			</dict>
			<key>isa</key>
			<string>XCBuildConfiguration</string>
			<key>name</key>
			<string>Release</string>
		</dict>
		<key>44BBB992197049C200AB4596</key>
		<dict>
			<key>buildConfigurations</key>
			<array>
				<string>44BBB993197049C200AB4596</string>
				<string>44BBB994197049C200AB4596</string>
			</array>
			<key>defaultConfigurationIsVisible</key>
			<string>0</string>
			<key>defaultConfigurationName</key>
			<string>Release</string>
			<key>isa</key>
			<string>XCConfigurationList</string>
		</dict>
		<key>44BBB993197049C200AB4596</key>
		<dict>
			<key>baseConfigurationReference</key>
			<string>DC52F8AD30F9AC4B47CD677B</string>
			<key>buildSettings</key>
			<dict>
				<key>GCC_PRECOMPILE_PREFIX_HEADER</key>
				<string>YES</string>
				<key>GCC_PREFIX_HEADER</key>
				<string>AutoLayoutCells/AutoLayoutCells-Prefix.pch</string>
				<key>GCC_PREPROCESSOR_DEFINITIONS</key>
				<array>
					<string>DEBUG=1</string>
					<string>$(inherited)</string>
				</array>
				<key>INFOPLIST_FILE</key>
				<string>AutoLayoutCellsTests/AutoLayoutCellsTests-Info.plist</string>
				<key>PRODUCT_BUNDLE_IDENTIFIER</key>
				<string>com.jrgdeveloper.${PRODUCT_NAME:rfc1034identifier}</string>
				<key>PRODUCT_NAME</key>
				<string>$(TARGET_NAME)</string>
				<key>WRAPPER_EXTENSION</key>
				<string>xctest</string>
			</dict>
			<key>isa</key>
			<string>XCBuildConfiguration</string>
			<key>name</key>
			<string>Debug</string>
		</dict>
		<key>44BBB994197049C200AB4596</key>
		<dict>
			<key>baseConfigurationReference</key>
			<string>69FC47BEDE7F0A951B5F8135</string>
			<key>buildSettings</key>
			<dict>
				<key>GCC_PRECOMPILE_PREFIX_HEADER</key>
				<string>YES</string>
				<key>GCC_PREFIX_HEADER</key>
				<string>AutoLayoutCells/AutoLayoutCells-Prefix.pch</string>
				<key>INFOPLIST_FILE</key>
				<string>AutoLayoutCellsTests/AutoLayoutCellsTests-Info.plist</string>
				<key>PRODUCT_BUNDLE_IDENTIFIER</key>
				<string>com.jrgdeveloper.${PRODUCT_NAME:rfc1034identifier}</string>
				<key>PRODUCT_NAME</key>
				<string>$(TARGET_NAME)</string>
				<key>WRAPPER_EXTENSION</key>
				<string>xctest</string>
			</dict>
			<key>isa</key>
			<string>XCBuildConfiguration</string>
			<key>name</key>
			<string>Release</string>
		</dict>
		<key>44BBB99519704A9200AB4596</key>
		<dict>
			<key>children</key>
			<array>
				<string>443F387B1973AE9F0029B05C</string>
				<string>443F387A1973AD8D0029B05C</string>
				<string>44BBB99B19704B6D00AB4596</string>
				<string>4427F11A1970591600C3019E</string>
				<string>4427F1271970592200C3019E</string>
				<string>4427F12E1970593300C3019E</string>
				<string>4427F1381970597A00C3019E</string>
				<string>4427F1341970594400C3019E</string>
				<string>426119081B55DEA00027A6DE</string>
				<string>44BBB99919704B1C00AB4596</string>
			</array>
			<key>isa</key>
			<string>PBXGroup</string>
			<key>path</key>
			<string>TableViewCells</string>
			<key>sourceTree</key>
			<string>&lt;group&gt;</string>
		</dict>
		<key>44BBB99919704B1C00AB4596</key>
		<dict>
			<key>children</key>
			<array>
				<string>42FC099919BA725E0011D1FF</string>
				<string>42FC099A19BA725E0011D1FF</string>
				<string>42FC099819BA72450011D1FF</string>
			</array>
			<key>isa</key>
			<string>PBXGroup</string>
			<key>name</key>
			<string>Views</string>
			<key>sourceTree</key>
			<string>&lt;group&gt;</string>
		</dict>
		<key>44BBB99B19704B6D00AB4596</key>
		<dict>
			<key>children</key>
			<array>
				<string>44BBB99F19704C4D00AB4596</string>
				<string>44BBB9A019704C4D00AB4596</string>
			</array>
			<key>isa</key>
			<string>PBXGroup</string>
			<key>name</key>
			<string>Categories</string>
			<key>sourceTree</key>
			<string>&lt;group&gt;</string>
		</dict>
		<key>44BBB99F19704C4D00AB4596</key>
		<dict>
			<key>fileEncoding</key>
			<string>4</string>
			<key>isa</key>
			<string>PBXFileReference</string>
			<key>lastKnownFileType</key>
			<string>sourcecode.c.h</string>
			<key>path</key>
			<string>NSBundle+ALTableViewCellsBundle.h</string>
			<key>sourceTree</key>
			<string>&lt;group&gt;</string>
		</dict>
		<key>44BBB9A019704C4D00AB4596</key>
		<dict>
			<key>fileEncoding</key>
			<string>4</string>
			<key>isa</key>
			<string>PBXFileReference</string>
			<key>lastKnownFileType</key>
			<string>sourcecode.c.objc</string>
			<key>path</key>
			<string>NSBundle+ALTableViewCellsBundle.m</string>
			<key>sourceTree</key>
			<string>&lt;group&gt;</string>
		</dict>
		<key>44BBB9A119704C4D00AB4596</key>
		<dict>
			<key>fileRef</key>
			<string>44BBB9A019704C4D00AB4596</string>
			<key>isa</key>
			<string>PBXBuildFile</string>
		</dict>
		<key>44BBB9A6197051DF00AB4596</key>
		<dict>
			<key>children</key>
			<array>
				<string>420DF88D19BBC2610045CAA3</string>
				<string>4427F164197062EC00C3019E</string>
			</array>
			<key>isa</key>
			<string>PBXGroup</string>
			<key>path</key>
			<string>TableViewCellTests</string>
			<key>sourceTree</key>
			<string>&lt;group&gt;</string>
		</dict>
		<key>44BBB9A7197051EC00AB4596</key>
		<dict>
			<key>fileEncoding</key>
			<string>4</string>
			<key>isa</key>
			<string>PBXFileReference</string>
			<key>lastKnownFileType</key>
			<string>sourcecode.c.objc</string>
			<key>path</key>
			<string>NSBundle+ALTableViewCellsBundleTests.m</string>
			<key>sourceTree</key>
			<string>&lt;group&gt;</string>
		</dict>
		<key>44BBB9A8197051EC00AB4596</key>
		<dict>
			<key>fileRef</key>
			<string>44BBB9A7197051EC00AB4596</string>
			<key>isa</key>
			<string>PBXBuildFile</string>
		</dict>
		<key>4A104045AE7686AE1E4BDF00</key>
		<dict>
			<key>explicitFileType</key>
			<string>archive.ar</string>
			<key>includeInIndex</key>
			<string>0</string>
			<key>isa</key>
			<string>PBXFileReference</string>
			<key>path</key>
			<string>libPods-AutoLayoutCells.a</string>
			<key>sourceTree</key>
			<string>BUILT_PRODUCTS_DIR</string>
		</dict>
		<key>508451E325E1095DC4083C1B</key>
		<dict>
			<key>includeInIndex</key>
			<string>1</string>
			<key>isa</key>
			<string>PBXFileReference</string>
			<key>lastKnownFileType</key>
			<string>text.xcconfig</string>
			<key>name</key>
			<string>Pods-AutoLayoutCells.debug.xcconfig</string>
			<key>path</key>
			<string>Pods/Target Support Files/Pods-AutoLayoutCells/Pods-AutoLayoutCells.debug.xcconfig</string>
			<key>sourceTree</key>
			<string>&lt;group&gt;</string>
		</dict>
		<key>5572392AB87EC31079D15C31</key>
		<dict>
			<key>buildActionMask</key>
			<string>2147483647</string>
			<key>files</key>
			<array/>
			<key>inputPaths</key>
			<array/>
			<key>isa</key>
			<string>PBXShellScriptBuildPhase</string>
			<key>name</key>
			<string>Embed Pods Frameworks</string>
			<key>outputPaths</key>
			<array/>
			<key>runOnlyForDeploymentPostprocessing</key>
			<string>0</string>
			<key>shellPath</key>
			<string>/bin/sh</string>
			<key>shellScript</key>
			<string>"${SRCROOT}/Pods/Target Support Files/Pods-AutoLayoutCellsTests/Pods-AutoLayoutCellsTests-frameworks.sh"
</string>
			<key>showEnvVarsInLog</key>
			<string>0</string>
		</dict>
		<key>5616C31F21292070525F1B54</key>
		<dict>
			<key>buildActionMask</key>
			<string>2147483647</string>
			<key>files</key>
			<array/>
			<key>inputPaths</key>
			<array/>
			<key>isa</key>
			<string>PBXShellScriptBuildPhase</string>
			<key>name</key>
			<string>&#128230; Copy Pods Resources</string>
			<key>outputPaths</key>
			<array/>
			<key>runOnlyForDeploymentPostprocessing</key>
			<string>0</string>
			<key>shellPath</key>
			<string>/bin/sh</string>
			<key>shellScript</key>
			<string>"${SRCROOT}/Pods/Target Support Files/Pods-AutoLayoutCells/Pods-AutoLayoutCells-resources.sh"
</string>
			<key>showEnvVarsInLog</key>
			<string>0</string>
		</dict>
		<key>589DCFF1361E7EB7DBA2F20C</key>
		<dict>
			<key>includeInIndex</key>
			<string>1</string>
			<key>isa</key>
			<string>PBXFileReference</string>
			<key>lastKnownFileType</key>
			<string>text.xcconfig</string>
			<key>name</key>
			<string>Pods-AutoLayoutCells.release.xcconfig</string>
			<key>path</key>
			<string>Pods/Target Support Files/Pods-AutoLayoutCells/Pods-AutoLayoutCells.release.xcconfig</string>
			<key>sourceTree</key>
			<string>&lt;group&gt;</string>
		</dict>
		<key>69FC47BEDE7F0A951B5F8135</key>
		<dict>
			<key>includeInIndex</key>
			<string>1</string>
			<key>isa</key>
			<string>PBXFileReference</string>
			<key>lastKnownFileType</key>
			<string>text.xcconfig</string>
			<key>name</key>
			<string>Pods-AutoLayoutCellsTests.release.xcconfig</string>
			<key>path</key>
			<string>Pods/Target Support Files/Pods-AutoLayoutCellsTests/Pods-AutoLayoutCellsTests.release.xcconfig</string>
			<key>sourceTree</key>
			<string>&lt;group&gt;</string>
		</dict>
		<key>6ABE1D36AB4B635D86828A3C</key>
		<dict>
			<key>explicitFileType</key>
			<string>archive.ar</string>
			<key>includeInIndex</key>
			<string>0</string>
			<key>isa</key>
			<string>PBXFileReference</string>
			<key>path</key>
			<string>libPods-AutoLayoutCellsTests.a</string>
			<key>sourceTree</key>
			<string>BUILT_PRODUCTS_DIR</string>
		</dict>
		<key>7103EB39079EC58DC5F0EF00</key>
		<dict>
			<key>buildActionMask</key>
			<string>2147483647</string>
			<key>files</key>
			<array/>
			<key>inputPaths</key>
			<array/>
			<key>isa</key>
			<string>PBXShellScriptBuildPhase</string>
			<key>name</key>
			<string>&#128230; Embed Pods Frameworks</string>
			<key>outputPaths</key>
			<array/>
			<key>runOnlyForDeploymentPostprocessing</key>
			<string>0</string>
			<key>shellPath</key>
			<string>/bin/sh</string>
			<key>shellScript</key>
			<string>"${SRCROOT}/Pods/Target Support Files/Pods-AutoLayoutCellsTests/Pods-AutoLayoutCellsTests-frameworks.sh"
</string>
			<key>showEnvVarsInLog</key>
			<string>0</string>
		</dict>
		<key>7C5B034C7EBBC757B35659B9</key>
		<dict>
			<key>fileRef</key>
			<string>6ABE1D36AB4B635D86828A3C</string>
			<key>isa</key>
			<string>PBXBuildFile</string>
		</dict>
		<key>916429C9DB77F8BCDC995CDE</key>
		<dict>
			<key>fileRef</key>
			<string>4A104045AE7686AE1E4BDF00</string>
			<key>isa</key>
			<string>PBXBuildFile</string>
		</dict>
		<key>CA2D8623878D2A395D9B3410</key>
		<dict>
			<key>children</key>
			<array>
				<string>DC52F8AD30F9AC4B47CD677B</string>
				<string>69FC47BEDE7F0A951B5F8135</string>
				<string>508451E325E1095DC4083C1B</string>
				<string>589DCFF1361E7EB7DBA2F20C</string>
			</array>
			<key>isa</key>
			<string>PBXGroup</string>
			<key>name</key>
			<string>Pods</string>
			<key>sourceTree</key>
			<string>&lt;group&gt;</string>
		</dict>
		<key>CC621029A319033611723F27</key>
		<dict>
			<key>buildActionMask</key>
			<string>2147483647</string>
			<key>files</key>
			<array/>
			<key>inputPaths</key>
			<array/>
			<key>isa</key>
			<string>PBXShellScriptBuildPhase</string>
			<key>name</key>
			<string>&#128230; Check Pods Manifest.lock</string>
			<key>outputPaths</key>
			<array/>
			<key>runOnlyForDeploymentPostprocessing</key>
			<string>0</string>
			<key>shellPath</key>
			<string>/bin/sh</string>
			<key>shellScript</key>
			<string>diff "${PODS_ROOT}/../Podfile.lock" "${PODS_ROOT}/Manifest.lock" &gt; /dev/null
if [[ $? != 0 ]] ; then
    cat &lt;&lt; EOM
error: The sandbox is not in sync with the Podfile.lock. Run 'pod install' or update your CocoaPods installation.
EOM
    exit 1
fi
</string>
			<key>showEnvVarsInLog</key>
			<string>0</string>
		</dict>
		<key>DC52F8AD30F9AC4B47CD677B</key>
		<dict>
			<key>includeInIndex</key>
			<string>1</string>
			<key>isa</key>
			<string>PBXFileReference</string>
			<key>lastKnownFileType</key>
			<string>text.xcconfig</string>
			<key>name</key>
			<string>Pods-AutoLayoutCellsTests.debug.xcconfig</string>
			<key>path</key>
			<string>Pods/Target Support Files/Pods-AutoLayoutCellsTests/Pods-AutoLayoutCellsTests.debug.xcconfig</string>
			<key>sourceTree</key>
			<string>&lt;group&gt;</string>
		</dict>
		<key>F903693319BDE5B80065AEB3</key>
		<dict>
			<key>fileEncoding</key>
			<string>4</string>
			<key>isa</key>
			<string>PBXFileReference</string>
			<key>lastKnownFileType</key>
			<string>sourcecode.c.h</string>
			<key>path</key>
			<string>ALImageCache.h</string>
			<key>sourceTree</key>
			<string>&lt;group&gt;</string>
		</dict>
		<key>F903693419BDE5B80065AEB3</key>
		<dict>
			<key>fileEncoding</key>
			<string>4</string>
			<key>isa</key>
			<string>PBXFileReference</string>
			<key>lastKnownFileType</key>
			<string>sourcecode.c.objc</string>
			<key>path</key>
			<string>ALImageCache.m</string>
			<key>sourceTree</key>
			<string>&lt;group&gt;</string>
		</dict>
		<key>F903693519BDE5B80065AEB3</key>
		<dict>
			<key>fileRef</key>
			<string>F903693419BDE5B80065AEB3</string>
			<key>isa</key>
			<string>PBXBuildFile</string>
		</dict>
		<key>F95A786319BD7D2400BD6AF8</key>
		<dict>
			<key>fileEncoding</key>
			<string>4</string>
			<key>isa</key>
			<string>PBXFileReference</string>
			<key>lastKnownFileType</key>
			<string>sourcecode.c.h</string>
			<key>path</key>
			<string>UIFont+ALCustomDynamicFont.h</string>
			<key>sourceTree</key>
			<string>&lt;group&gt;</string>
		</dict>
		<key>F95A786419BD7D2400BD6AF8</key>
		<dict>
			<key>fileEncoding</key>
			<string>4</string>
			<key>isa</key>
			<string>PBXFileReference</string>
			<key>lastKnownFileType</key>
			<string>sourcecode.c.objc</string>
			<key>path</key>
			<string>UIFont+ALCustomDynamicFont.m</string>
			<key>sourceTree</key>
			<string>&lt;group&gt;</string>
		</dict>
		<key>F95A786519BD7D2400BD6AF8</key>
		<dict>
			<key>fileRef</key>
			<string>F95A786419BD7D2400BD6AF8</string>
			<key>isa</key>
			<string>PBXBuildFile</string>
		</dict>
		<key>F9F10F6419BDC26E00A1117B</key>
		<dict>
			<key>children</key>
			<array>
				<string>F9F10F6519BDC27700A1117B</string>
			</array>
			<key>isa</key>
			<string>PBXGroup</string>
			<key>name</key>
			<string>SharedCategories</string>
			<key>sourceTree</key>
			<string>&lt;group&gt;</string>
		</dict>
		<key>F9F10F6519BDC27700A1117B</key>
		<dict>
			<key>children</key>
			<array>
				<string>420DF88E19BBC2EC0045CAA3</string>
				<string>429D1D6F19BC1FA500793D2D</string>
			</array>
			<key>isa</key>
			<string>PBXGroup</string>
			<key>name</key>
			<string>TestCases</string>
			<key>sourceTree</key>
			<string>&lt;group&gt;</string>
		</dict>
	</dict>
	<key>rootObject</key>
	<string>44BBB964197049C200AB4596</string>
</dict>
</plist>
